// !$*UTF8*$!
{
	archiveVersion = 1;
	classes = {
	};
	objectVersion = 50;
	objects = {

/* Begin PBXBuildFile section */
		5D4E255B21ABC640009A9B3A /* AppDelegate.swift in Sources */ = {isa = PBXBuildFile; fileRef = 5D4E255A21ABC640009A9B3A /* AppDelegate.swift */; };
		5D4E255D21ABC640009A9B3A /* ViewController.swift in Sources */ = {isa = PBXBuildFile; fileRef = 5D4E255C21ABC640009A9B3A /* ViewController.swift */; };
		5D4E256021ABC640009A9B3A /* Main.storyboard in Resources */ = {isa = PBXBuildFile; fileRef = 5D4E255E21ABC640009A9B3A /* Main.storyboard */; };
		5D4E256221ABC649009A9B3A /* Assets.xcassets in Resources */ = {isa = PBXBuildFile; fileRef = 5D4E256121ABC649009A9B3A /* Assets.xcassets */; };
		5D4E256521ABC649009A9B3A /* LaunchScreen.storyboard in Resources */ = {isa = PBXBuildFile; fileRef = 5D4E256321ABC649009A9B3A /* LaunchScreen.storyboard */; };
		5D4E257121ABC708009A9B3A /* DisplayCellCell.swift in Sources */ = {isa = PBXBuildFile; fileRef = 5D4E256F21ABC708009A9B3A /* DisplayCellCell.swift */; };
		5D4E257221ABC708009A9B3A /* DisplayCellCell.xib in Resources */ = {isa = PBXBuildFile; fileRef = 5D4E257021ABC708009A9B3A /* DisplayCellCell.xib */; };
		5D4E257721ABCF13009A9B3A /* Country.swift in Sources */ = {isa = PBXBuildFile; fileRef = 5D4E257621ABCF13009A9B3A /* Country.swift */; };
		95AD6DEFA1F78621B93E244F /* Pods_JSONWithAlomafire.framework in Frameworks */ = {isa = PBXBuildFile; fileRef = 16B7CFD8D0B272B57BE6A309 /* Pods_JSONWithAlomafire.framework */; };
/* End PBXBuildFile section */

/* Begin PBXFileReference section */
		16B7CFD8D0B272B57BE6A309 /* Pods_JSONWithAlomafire.framework */ = {isa = PBXFileReference; explicitFileType = wrapper.framework; includeInIndex = 0; path = Pods_JSONWithAlomafire.framework; sourceTree = BUILT_PRODUCTS_DIR; };
		5D4E255721ABC640009A9B3A /* JSONWithAlomafire.app */ = {isa = PBXFileReference; explicitFileType = wrapper.application; includeInIndex = 0; path = JSONWithAlomafire.app; sourceTree = BUILT_PRODUCTS_DIR; };
		5D4E255A21ABC640009A9B3A /* AppDelegate.swift */ = {isa = PBXFileReference; lastKnownFileType = sourcecode.swift; path = AppDelegate.swift; sourceTree = "<group>"; };
		5D4E255C21ABC640009A9B3A /* ViewController.swift */ = {isa = PBXFileReference; lastKnownFileType = sourcecode.swift; path = ViewController.swift; sourceTree = "<group>"; };
		5D4E255F21ABC640009A9B3A /* Base */ = {isa = PBXFileReference; lastKnownFileType = file.storyboard; name = Base; path = Base.lproj/Main.storyboard; sourceTree = "<group>"; };
		5D4E256121ABC649009A9B3A /* Assets.xcassets */ = {isa = PBXFileReference; lastKnownFileType = folder.assetcatalog; path = Assets.xcassets; sourceTree = "<group>"; };
		5D4E256421ABC649009A9B3A /* Base */ = {isa = PBXFileReference; lastKnownFileType = file.storyboard; name = Base; path = Base.lproj/LaunchScreen.storyboard; sourceTree = "<group>"; };
		5D4E256621ABC649009A9B3A /* Info.plist */ = {isa = PBXFileReference; lastKnownFileType = text.plist.xml; path = Info.plist; sourceTree = "<group>"; };
		5D4E256F21ABC708009A9B3A /* DisplayCellCell.swift */ = {isa = PBXFileReference; lastKnownFileType = sourcecode.swift; path = DisplayCellCell.swift; sourceTree = "<group>"; };
		5D4E257021ABC708009A9B3A /* DisplayCellCell.xib */ = {isa = PBXFileReference; lastKnownFileType = file.xib; path = DisplayCellCell.xib; sourceTree = "<group>"; };
		5D4E257621ABCF13009A9B3A /* Country.swift */ = {isa = PBXFileReference; lastKnownFileType = sourcecode.swift; path = Country.swift; sourceTree = "<group>"; };
		7658D1F4A8181098C7930257 /* Pods-JSONWithAlomafire.debug.xcconfig */ = {isa = PBXFileReference; includeInIndex = 1; lastKnownFileType = text.xcconfig; name = "Pods-JSONWithAlomafire.debug.xcconfig"; path = "Pods/Target Support Files/Pods-JSONWithAlomafire/Pods-JSONWithAlomafire.debug.xcconfig"; sourceTree = "<group>"; };
		811D684BEEEBD566716F586B /* Pods-JSONWithAlomafire.release.xcconfig */ = {isa = PBXFileReference; includeInIndex = 1; lastKnownFileType = text.xcconfig; name = "Pods-JSONWithAlomafire.release.xcconfig"; path = "Pods/Target Support Files/Pods-JSONWithAlomafire/Pods-JSONWithAlomafire.release.xcconfig"; sourceTree = "<group>"; };
/* End PBXFileReference section */

/* Begin PBXFrameworksBuildPhase section */
		5D4E255421ABC640009A9B3A /* Frameworks */ = {
			isa = PBXFrameworksBuildPhase;
			buildActionMask = 2147483647;
			files = (
				95AD6DEFA1F78621B93E244F /* Pods_JSONWithAlomafire.framework in Frameworks */,
			);
			runOnlyForDeploymentPostprocessing = 0;
		};
/* End PBXFrameworksBuildPhase section */

/* Begin PBXGroup section */
		5D4E254E21ABC640009A9B3A = {
			isa = PBXGroup;
			children = (
				5D4E255921ABC640009A9B3A /* JSONWithAlomafire */,
				5D4E255821ABC640009A9B3A /* Products */,
				78EA65E8D50F04171E6911DE /* Pods */,
				E84C5ED951AE586854A0B351 /* Frameworks */,
			);
			sourceTree = "<group>";
		};
		5D4E255821ABC640009A9B3A /* Products */ = {
			isa = PBXGroup;
			children = (
				5D4E255721ABC640009A9B3A /* JSONWithAlomafire.app */,
			);
			name = Products;
			sourceTree = "<group>";
		};
		5D4E255921ABC640009A9B3A /* JSONWithAlomafire */ = {
			isa = PBXGroup;
			children = (
				5D4E256E21ABC6D1009A9B3A /* Cell */,
				5D4E255A21ABC640009A9B3A /* AppDelegate.swift */,
				5D4E256D21ABC69C009A9B3A /* Controller */,
				5D4E256C21ABC68D009A9B3A /* View */,
				5D4E256121ABC649009A9B3A /* Assets.xcassets */,
				5D4E256621ABC649009A9B3A /* Info.plist */,
				5D4E257821ABCF18009A9B3A /* Model */,
			);
			path = JSONWithAlomafire;
			sourceTree = "<group>";
		};
		5D4E256C21ABC68D009A9B3A /* View */ = {
			isa = PBXGroup;
			children = (
				5D4E256321ABC649009A9B3A /* LaunchScreen.storyboard */,
				5D4E255E21ABC640009A9B3A /* Main.storyboard */,
			);
			path = View;
			sourceTree = "<group>";
		};
		5D4E256D21ABC69C009A9B3A /* Controller */ = {
			isa = PBXGroup;
			children = (
				5D4E255C21ABC640009A9B3A /* ViewController.swift */,
			);
			path = Controller;
			sourceTree = "<group>";
		};
		5D4E256E21ABC6D1009A9B3A /* Cell */ = {
			isa = PBXGroup;
			children = (
				5D4E256F21ABC708009A9B3A /* DisplayCellCell.swift */,
				5D4E257021ABC708009A9B3A /* DisplayCellCell.xib */,
			);
			name = Cell;
			sourceTree = "<group>";
		};
		5D4E257821ABCF18009A9B3A /* Model */ = {
			isa = PBXGroup;
			children = (
				5D4E257621ABCF13009A9B3A /* Country.swift */,
			);
			path = Model;
			sourceTree = "<group>";
		};
		78EA65E8D50F04171E6911DE /* Pods */ = {
			isa = PBXGroup;
			children = (
				7658D1F4A8181098C7930257 /* Pods-JSONWithAlomafire.debug.xcconfig */,
				811D684BEEEBD566716F586B /* Pods-JSONWithAlomafire.release.xcconfig */,
			);
			name = Pods;
			sourceTree = "<group>";
		};
		E84C5ED951AE586854A0B351 /* Frameworks */ = {
			isa = PBXGroup;
			children = (
				16B7CFD8D0B272B57BE6A309 /* Pods_JSONWithAlomafire.framework */,
			);
			name = Frameworks;
			sourceTree = "<group>";
		};
/* End PBXGroup section */

/* Begin PBXNativeTarget section */
		5D4E255621ABC640009A9B3A /* JSONWithAlomafire */ = {
			isa = PBXNativeTarget;
			buildConfigurationList = 5D4E256921ABC649009A9B3A /* Build configuration list for PBXNativeTarget "JSONWithAlomafire" */;
			buildPhases = (
				382447690FE8F87FDC57EBE9 /* [CP] Check Pods Manifest.lock */,
				5D4E255321ABC640009A9B3A /* Sources */,
				5D4E255421ABC640009A9B3A /* Frameworks */,
				5D4E255521ABC640009A9B3A /* Resources */,
				EC2A05A31349D1BBF96BFEF2 /* [CP] Embed Pods Frameworks */,
			);
			buildRules = (
			);
			dependencies = (
			);
			name = JSONWithAlomafire;
			productName = JSONWithAlomafire;
			productReference = 5D4E255721ABC640009A9B3A /* JSONWithAlomafire.app */;
			productType = "com.apple.product-type.application";
		};
/* End PBXNativeTarget section */

/* Begin PBXProject section */
		5D4E254F21ABC640009A9B3A /* Project object */ = {
			isa = PBXProject;
			attributes = {
				LastSwiftUpdateCheck = 0940;
				LastUpgradeCheck = 0940;
				ORGANIZATIONNAME = appventurez;
				TargetAttributes = {
					5D4E255621ABC640009A9B3A = {
						CreatedOnToolsVersion = 9.4.1;
					};
				};
			};
			buildConfigurationList = 5D4E255221ABC640009A9B3A /* Build configuration list for PBXProject "JSONWithAlomafire" */;
			compatibilityVersion = "Xcode 9.3";
			developmentRegion = en;
			hasScannedForEncodings = 0;
			knownRegions = (
				en,
				Base,
			);
			mainGroup = 5D4E254E21ABC640009A9B3A;
			productRefGroup = 5D4E255821ABC640009A9B3A /* Products */;
			projectDirPath = "";
			projectRoot = "";
			targets = (
				5D4E255621ABC640009A9B3A /* JSONWithAlomafire */,
			);
		};
/* End PBXProject section */

/* Begin PBXResourcesBuildPhase section */
		5D4E255521ABC640009A9B3A /* Resources */ = {
			isa = PBXResourcesBuildPhase;
			buildActionMask = 2147483647;
			files = (
				5D4E256521ABC649009A9B3A /* LaunchScreen.storyboard in Resources */,
				5D4E256221ABC649009A9B3A /* Assets.xcassets in Resources */,
				5D4E257221ABC708009A9B3A /* DisplayCellCell.xib in Resources */,
				5D4E256021ABC640009A9B3A /* Main.storyboard in Resources */,
			);
			runOnlyForDeploymentPostprocessing = 0;
		};
/* End PBXResourcesBuildPhase section */

/* Begin PBXShellScriptBuildPhase section */
		382447690FE8F87FDC57EBE9 /* [CP] Check Pods Manifest.lock */ = {
			isa = PBXShellScriptBuildPhase;
			buildActionMask = 2147483647;
			files = (
			);
			inputPaths = (
				"${PODS_PODFILE_DIR_PATH}/Podfile.lock",
				"${PODS_ROOT}/Manifest.lock",
			);
			name = "[CP] Check Pods Manifest.lock";
			outputPaths = (
				"$(DERIVED_FILE_DIR)/Pods-JSONWithAlomafire-checkManifestLockResult.txt",
			);
			runOnlyForDeploymentPostprocessing = 0;
			shellPath = /bin/sh;
			shellScript = "diff \"${PODS_PODFILE_DIR_PATH}/Podfile.lock\" \"${PODS_ROOT}/Manifest.lock\" > /dev/null\nif [ $? != 0 ] ; then\n    # print error to STDERR\n    echo \"error: The sandbox is not in sync with the Podfile.lock. Run 'pod install' or update your CocoaPods installation.\" >&2\n    exit 1\nfi\n# This output is used by Xcode 'outputs' to avoid re-running this script phase.\necho \"SUCCESS\" > \"${SCRIPT_OUTPUT_FILE_0}\"\n";
			showEnvVarsInLog = 0;
		};
		EC2A05A31349D1BBF96BFEF2 /* [CP] Embed Pods Frameworks */ = {
			isa = PBXShellScriptBuildPhase;
			buildActionMask = 2147483647;
			files = (
			);
			inputPaths = (
				"${SRCROOT}/Pods/Target Support Files/Pods-JSONWithAlomafire/Pods-JSONWithAlomafire-frameworks.sh",
				"${BUILT_PRODUCTS_DIR}/Alamofire/Alamofire.framework",
				"${BUILT_PRODUCTS_DIR}/AlamofireImage/AlamofireImage.framework",
				"${BUILT_PRODUCTS_DIR}/AlamofireObjectMapper/AlamofireObjectMapper.framework",
				"${BUILT_PRODUCTS_DIR}/ObjectMapper/ObjectMapper.framework",
				"${BUILT_PRODUCTS_DIR}/PromiseKit/PromiseKit.framework",
				"${BUILT_PRODUCTS_DIR}/TPKeyboardAvoiding/TPKeyboardAvoiding.framework",
			);
			name = "[CP] Embed Pods Frameworks";
			outputPaths = (
				"${TARGET_BUILD_DIR}/${FRAMEWORKS_FOLDER_PATH}/Alamofire.framework",
				"${TARGET_BUILD_DIR}/${FRAMEWORKS_FOLDER_PATH}/AlamofireImage.framework",
				"${TARGET_BUILD_DIR}/${FRAMEWORKS_FOLDER_PATH}/AlamofireObjectMapper.framework",
				"${TARGET_BUILD_DIR}/${FRAMEWORKS_FOLDER_PATH}/ObjectMapper.framework",
				"${TARGET_BUILD_DIR}/${FRAMEWORKS_FOLDER_PATH}/PromiseKit.framework",
				"${TARGET_BUILD_DIR}/${FRAMEWORKS_FOLDER_PATH}/TPKeyboardAvoiding.framework",
			);
			runOnlyForDeploymentPostprocessing = 0;
			shellPath = /bin/sh;
			shellScript = "\"${SRCROOT}/Pods/Target Support Files/Pods-JSONWithAlomafire/Pods-JSONWithAlomafire-frameworks.sh\"\n";
			showEnvVarsInLog = 0;
		};
/* End PBXShellScriptBuildPhase section */

/* Begin PBXSourcesBuildPhase section */
		5D4E255321ABC640009A9B3A /* Sources */ = {
			isa = PBXSourcesBuildPhase;
			buildActionMask = 2147483647;
			files = (
				5D4E257721ABCF13009A9B3A /* Country.swift in Sources */,
				5D4E257121ABC708009A9B3A /* DisplayCellCell.swift in Sources */,
				5D4E255D21ABC640009A9B3A /* ViewController.swift in Sources */,
				5D4E255B21ABC640009A9B3A /* AppDelegate.swift in Sources */,
			);
			runOnlyForDeploymentPostprocessing = 0;
		};
/* End PBXSourcesBuildPhase section */

/* Begin PBXVariantGroup section */
		5D4E255E21ABC640009A9B3A /* Main.storyboard */ = {
			isa = PBXVariantGroup;
			children = (
				5D4E255F21ABC640009A9B3A /* Base */,
			);
			name = Main.storyboard;
			sourceTree = "<group>";
		};
		5D4E256321ABC649009A9B3A /* LaunchScreen.storyboard */ = {
			isa = PBXVariantGroup;
			children = (
				5D4E256421ABC649009A9B3A /* Base */,
			);
			name = LaunchScreen.storyboard;
			sourceTree = "<group>";
		};
/* End PBXVariantGroup section */

/* Begin XCBuildConfiguration section */
		5D4E256721ABC649009A9B3A /* Debug */ = {
			isa = XCBuildConfiguration;
			buildSettings = {
				ALWAYS_SEARCH_USER_PATHS = NO;
				CLANG_ANALYZER_NONNULL = YES;
				CLANG_ANALYZER_NUMBER_OBJECT_CONVERSION = YES_AGGRESSIVE;
				CLANG_CXX_LANGUAGE_STANDARD = "gnu++14";
				CLANG_CXX_LIBRARY = "libc++";
				CLANG_ENABLE_MODULES = YES;
				CLANG_ENABLE_OBJC_ARC = YES;
				CLANG_ENABLE_OBJC_WEAK = YES;
				CLANG_WARN_BLOCK_CAPTURE_AUTORELEASING = YES;
				CLANG_WARN_BOOL_CONVERSION = YES;
				CLANG_WARN_COMMA = YES;
				CLANG_WARN_CONSTANT_CONVERSION = YES;
				CLANG_WARN_DEPRECATED_OBJC_IMPLEMENTATIONS = YES;
				CLANG_WARN_DIRECT_OBJC_ISA_USAGE = YES_ERROR;
				CLANG_WARN_DOCUMENTATION_COMMENTS = YES;
				CLANG_WARN_EMPTY_BODY = YES;
				CLANG_WARN_ENUM_CONVERSION = YES;
				CLANG_WARN_INFINITE_RECURSION = YES;
				CLANG_WARN_INT_CONVERSION = YES;
				CLANG_WARN_NON_LITERAL_NULL_CONVERSION = YES;
				CLANG_WARN_OBJC_IMPLICIT_RETAIN_SELF = YES;
				CLANG_WARN_OBJC_LITERAL_CONVERSION = YES;
				CLANG_WARN_OBJC_ROOT_CLASS = YES_ERROR;
				CLANG_WARN_RANGE_LOOP_ANALYSIS = YES;
				CLANG_WARN_STRICT_PROTOTYPES = YES;
				CLANG_WARN_SUSPICIOUS_MOVE = YES;
				CLANG_WARN_UNGUARDED_AVAILABILITY = YES_AGGRESSIVE;
				CLANG_WARN_UNREACHABLE_CODE = YES;
				CLANG_WARN__DUPLICATE_METHOD_MATCH = YES;
				CODE_SIGN_IDENTITY = "iPhone Developer";
				COPY_PHASE_STRIP = NO;
				DEBUG_INFORMATION_FORMAT = dwarf;
				ENABLE_STRICT_OBJC_MSGSEND = YES;
				ENABLE_TESTABILITY = YES;
				GCC_C_LANGUAGE_STANDARD = gnu11;
				GCC_DYNAMIC_NO_PIC = NO;
				GCC_NO_COMMON_BLOCKS = YES;
				GCC_OPTIMIZATION_LEVEL = 0;
				GCC_PREPROCESSOR_DEFINITIONS = (
					"DEBUG=1",
					"$(inherited)",
				);
				GCC_WARN_64_TO_32_BIT_CONVERSION = YES;
				GCC_WARN_ABOUT_RETURN_TYPE = YES_ERROR;
				GCC_WARN_UNDECLARED_SELECTOR = YES;
				GCC_WARN_UNINITIALIZED_AUTOS = YES_AGGRESSIVE;
				GCC_WARN_UNUSED_FUNCTION = YES;
				GCC_WARN_UNUSED_VARIABLE = YES;
				IPHONEOS_DEPLOYMENT_TARGET = 11.4;
				MTL_ENABLE_DEBUG_INFO = YES;
				ONLY_ACTIVE_ARCH = YES;
				SDKROOT = iphoneos;
				SWIFT_ACTIVE_COMPILATION_CONDITIONS = DEBUG;
				SWIFT_OPTIMIZATION_LEVEL = "-Onone";
			};
			name = Debug;
		};
		5D4E256821ABC649009A9B3A /* Release */ = {
			isa = XCBuildConfiguration;
			buildSettings = {
				ALWAYS_SEARCH_USER_PATHS = NO;
				CLANG_ANALYZER_NONNULL = YES;
				CLANG_ANALYZER_NUMBER_OBJECT_CONVERSION = YES_AGGRESSIVE;
				CLANG_CXX_LANGUAGE_STANDARD = "gnu++14";
				CLANG_CXX_LIBRARY = "libc++";
				CLANG_ENABLE_MODULES = YES;
				CLANG_ENABLE_OBJC_ARC = YES;
				CLANG_ENABLE_OBJC_WEAK = YES;
				CLANG_WARN_BLOCK_CAPTURE_AUTORELEASING = YES;
				CLANG_WARN_BOOL_CONVERSION = YES;
				CLANG_WARN_COMMA = YES;
				CLANG_WARN_CONSTANT_CONVERSION = YES;
				CLANG_WARN_DEPRECATED_OBJC_IMPLEMENTATIONS = YES;
				CLANG_WARN_DIRECT_OBJC_ISA_USAGE = YES_ERROR;
				CLANG_WARN_DOCUMENTATION_COMMENTS = YES;
				CLANG_WARN_EMPTY_BODY = YES;
				CLANG_WARN_ENUM_CONVERSION = YES;
				CLANG_WARN_INFINITE_RECURSION = YES;
				CLANG_WARN_INT_CONVERSION = YES;
				CLANG_WARN_NON_LITERAL_NULL_CONVERSION = YES;
				CLANG_WARN_OBJC_IMPLICIT_RETAIN_SELF = YES;
				CLANG_WARN_OBJC_LITERAL_CONVERSION = YES;
				CLANG_WARN_OBJC_ROOT_CLASS = YES_ERROR;
				CLANG_WARN_RANGE_LOOP_ANALYSIS = YES;
				CLANG_WARN_STRICT_PROTOTYPES = YES;
				CLANG_WARN_SUSPICIOUS_MOVE = YES;
				CLANG_WARN_UNGUARDED_AVAILABILITY = YES_AGGRESSIVE;
				CLANG_WARN_UNREACHABLE_CODE = YES;
				CLANG_WARN__DUPLICATE_METHOD_MATCH = YES;
				CODE_SIGN_IDENTITY = "iPhone Developer";
				COPY_PHASE_STRIP = NO;
				DEBUG_INFORMATION_FORMAT = "dwarf-with-dsym";
				ENABLE_NS_ASSERTIONS = NO;
				ENABLE_STRICT_OBJC_MSGSEND = YES;
				GCC_C_LANGUAGE_STANDARD = gnu11;
				GCC_NO_COMMON_BLOCKS = YES;
				GCC_WARN_64_TO_32_BIT_CONVERSION = YES;
				GCC_WARN_ABOUT_RETURN_TYPE = YES_ERROR;
				GCC_WARN_UNDECLARED_SELECTOR = YES;
				GCC_WARN_UNINITIALIZED_AUTOS = YES_AGGRESSIVE;
				GCC_WARN_UNUSED_FUNCTION = YES;
				GCC_WARN_UNUSED_VARIABLE = YES;
				IPHONEOS_DEPLOYMENT_TARGET = 11.4;
				MTL_ENABLE_DEBUG_INFO = NO;
				SDKROOT = iphoneos;
				SWIFT_COMPILATION_MODE = wholemodule;
				SWIFT_OPTIMIZATION_LEVEL = "-O";
				VALIDATE_PRODUCT = YES;
			};
			name = Release;
		};
		5D4E256A21ABC649009A9B3A /* Debug */ = {
			isa = XCBuildConfiguration;
			baseConfigurationReference = 7658D1F4A8181098C7930257 /* Pods-JSONWithAlomafire.debug.xcconfig */;
			buildSettings = {
				ASSETCATALOG_COMPILER_APPICON_NAME = AppIcon;
				CODE_SIGN_STYLE = Automatic;
				INFOPLIST_FILE = JSONWithAlomafire/Info.plist;
				LD_RUNPATH_SEARCH_PATHS = (
					"$(inherited)",
					"@executable_path/Frameworks",
				);
				PRODUCT_BUNDLE_IDENTIFIER = com.appventure..JSONWithAlomafire;
				PRODUCT_NAME = "$(TARGET_NAME)";
				SWIFT_VERSION = 4.0;
				TARGETED_DEVICE_FAMILY = "1,2";
			};
			name = Debug;
		};
		5D4E256B21ABC649009A9B3A /* Release */ = {
			isa = XCBuildConfiguration;
			baseConfigurationReference = 811D684BEEEBD566716F586B /* Pods-JSONWithAlomafire.release.xcconfig */;
			buildSettings = {
				ASSETCATALOG_COMPILER_APPICON_NAME = AppIcon;
				CODE_SIGN_STYLE = Automatic;
				INFOPLIST_FILE = JSONWithAlomafire/Info.plist;
				LD_RUNPATH_SEARCH_PATHS = (
					"$(inherited)",
					"@executable_path/Frameworks",
				);
				PRODUCT_BUNDLE_IDENTIFIER = com.appventure..JSONWithAlomafire;
				PRODUCT_NAME = "$(TARGET_NAME)";
				SWIFT_VERSION = 4.0;
				TARGETED_DEVICE_FAMILY = "1,2";
			};
			name = Release;
		};
/* End XCBuildConfiguration section */

/* Begin XCConfigurationList section */
		5D4E255221ABC640009A9B3A /* Build configuration list for PBXProject "JSONWithAlomafire" */ = {
			isa = XCConfigurationList;
			buildConfigurations = (
				5D4E256721ABC649009A9B3A /* Debug */,
				5D4E256821ABC649009A9B3A /* Release */,
			);
			defaultConfigurationIsVisible = 0;
			defaultConfigurationName = Release;
		};
		5D4E256921ABC649009A9B3A /* Build configuration list for PBXNativeTarget "JSONWithAlomafire" */ = {
			isa = XCConfigurationList;
			buildConfigurations = (
				5D4E256A21ABC649009A9B3A /* Debug */,
				5D4E256B21ABC649009A9B3A /* Release */,
			);
			defaultConfigurationIsVisible = 0;
			defaultConfigurationName = Release;
		};
/* End XCConfigurationList section */
	};
	rootObject = 5D4E254F21ABC640009A9B3A /* Project object */;
}
