// !$*UTF8*$!
{
	archiveVersion = 1;
	classes = {
	};
	objectVersion = 50;
	objects = {

/* Begin PBXBuildFile section */
		5D551505217606BB00924BB2 /* AppDelegate.swift in Sources */ = {isa = PBXBuildFile; fileRef = 5D551504217606BB00924BB2 /* AppDelegate.swift */; };
		5D551507217606BB00924BB2 /* ViewController.swift in Sources */ = {isa = PBXBuildFile; fileRef = 5D551506217606BB00924BB2 /* ViewController.swift */; };
		5D55150C217606BC00924BB2 /* Assets.xcassets in Resources */ = {isa = PBXBuildFile; fileRef = 5D55150B217606BC00924BB2 /* Assets.xcassets */; };
		5D55150F217606BC00924BB2 /* LaunchScreen.storyboard in Resources */ = {isa = PBXBuildFile; fileRef = 5D55150D217606BC00924BB2 /* LaunchScreen.storyboard */; };
		5D5515172176099300924BB2 /* SecondVC.swift in Sources */ = {isa = PBXBuildFile; fileRef = 5D5515162176099300924BB2 /* SecondVC.swift */; };
		5D551519217609EB00924BB2 /* AddressVC.swift in Sources */ = {isa = PBXBuildFile; fileRef = 5D551518217609EB00924BB2 /* AddressVC.swift */; };
		5D55151B21760A0400924BB2 /* DisplayVC.swift in Sources */ = {isa = PBXBuildFile; fileRef = 5D55151A21760A0400924BB2 /* DisplayVC.swift */; };
		5D55151E21760BFC00924BB2 /* CollectionViewCell.swift in Sources */ = {isa = PBXBuildFile; fileRef = 5D55151C21760BFC00924BB2 /* CollectionViewCell.swift */; };
		5D55151F21760BFC00924BB2 /* CollectionViewCell.xib in Resources */ = {isa = PBXBuildFile; fileRef = 5D55151D21760BFC00924BB2 /* CollectionViewCell.xib */; };
		5DC15DA321775F360030BBC2 /* TextCollection.swift in Sources */ = {isa = PBXBuildFile; fileRef = 5DC15DA221775F360030BBC2 /* TextCollection.swift */; };
		5DC15DA6217762F90030BBC2 /* collectionCell.swift in Sources */ = {isa = PBXBuildFile; fileRef = 5DC15DA4217762F90030BBC2 /* collectionCell.swift */; };
		5DC15DA7217762F90030BBC2 /* collectionCell.xib in Resources */ = {isa = PBXBuildFile; fileRef = 5DC15DA5217762F90030BBC2 /* collectionCell.xib */; };
/* End PBXBuildFile section */

/* Begin PBXFileReference section */
		5D551501217606BB00924BB2 /* suryanshSirAssignment.app */ = {isa = PBXFileReference; explicitFileType = wrapper.application; includeInIndex = 0; path = suryanshSirAssignment.app; sourceTree = BUILT_PRODUCTS_DIR; };
		5D551504217606BB00924BB2 /* AppDelegate.swift */ = {isa = PBXFileReference; lastKnownFileType = sourcecode.swift; path = AppDelegate.swift; sourceTree = "<group>"; };
		5D551506217606BB00924BB2 /* ViewController.swift */ = {isa = PBXFileReference; lastKnownFileType = sourcecode.swift; path = ViewController.swift; sourceTree = "<group>"; };
		5D55150B217606BC00924BB2 /* Assets.xcassets */ = {isa = PBXFileReference; lastKnownFileType = folder.assetcatalog; path = Assets.xcassets; sourceTree = "<group>"; };
		5D55150E217606BC00924BB2 /* Base */ = {isa = PBXFileReference; lastKnownFileType = file.storyboard; name = Base; path = Base.lproj/LaunchScreen.storyboard; sourceTree = "<group>"; };
		5D551510217606BC00924BB2 /* Info.plist */ = {isa = PBXFileReference; lastKnownFileType = text.plist.xml; path = Info.plist; sourceTree = "<group>"; };
		5D5515162176099300924BB2 /* SecondVC.swift */ = {isa = PBXFileReference; lastKnownFileType = sourcecode.swift; path = SecondVC.swift; sourceTree = "<group>"; };
		5D551518217609EB00924BB2 /* AddressVC.swift */ = {isa = PBXFileReference; lastKnownFileType = sourcecode.swift; path = AddressVC.swift; sourceTree = "<group>"; };
		5D55151A21760A0400924BB2 /* DisplayVC.swift */ = {isa = PBXFileReference; lastKnownFileType = sourcecode.swift; path = DisplayVC.swift; sourceTree = "<group>"; };
		5D55151C21760BFC00924BB2 /* CollectionViewCell.swift */ = {isa = PBXFileReference; lastKnownFileType = sourcecode.swift; path = CollectionViewCell.swift; sourceTree = "<group>"; };
		5D55151D21760BFC00924BB2 /* CollectionViewCell.xib */ = {isa = PBXFileReference; lastKnownFileType = file.xib; path = CollectionViewCell.xib; sourceTree = "<group>"; };
		5DC15DA221775F360030BBC2 /* TextCollection.swift */ = {isa = PBXFileReference; lastKnownFileType = sourcecode.swift; path = TextCollection.swift; sourceTree = "<group>"; };
		5DC15DA4217762F90030BBC2 /* collectionCell.swift */ = {isa = PBXFileReference; lastKnownFileType = sourcecode.swift; path = collectionCell.swift; sourceTree = "<group>"; };
		5DC15DA5217762F90030BBC2 /* collectionCell.xib */ = {isa = PBXFileReference; lastKnownFileType = file.xib; path = collectionCell.xib; sourceTree = "<group>"; };
/* End PBXFileReference section */

/* Begin PBXFrameworksBuildPhase section */
		5D5514FE217606BB00924BB2 /* Frameworks */ = {
			isa = PBXFrameworksBuildPhase;
			buildActionMask = 2147483647;
			files = (
			);
			runOnlyForDeploymentPostprocessing = 0;
		};
/* End PBXFrameworksBuildPhase section */

/* Begin PBXGroup section */
		5D5514F8217606BB00924BB2 = {
			isa = PBXGroup;
			children = (
				5D551503217606BB00924BB2 /* suryanshSirAssignment */,
				5D551502217606BB00924BB2 /* Products */,
			);
			sourceTree = "<group>";
		};
		5D551502217606BB00924BB2 /* Products */ = {
			isa = PBXGroup;
			children = (
				5D551501217606BB00924BB2 /* suryanshSirAssignment.app */,
			);
			name = Products;
			sourceTree = "<group>";
		};
		5D551503217606BB00924BB2 /* suryanshSirAssignment */ = {
			isa = PBXGroup;
			children = (
				5D55151A21760A0400924BB2 /* DisplayVC.swift */,
				5D551518217609EB00924BB2 /* AddressVC.swift */,
				5D5515162176099300924BB2 /* SecondVC.swift */,
				5D551504217606BB00924BB2 /* AppDelegate.swift */,
				5D551506217606BB00924BB2 /* ViewController.swift */,
				5D55150B217606BC00924BB2 /* Assets.xcassets */,
				5D55150D217606BC00924BB2 /* LaunchScreen.storyboard */,
				5D551510217606BC00924BB2 /* Info.plist */,
				5D55151C21760BFC00924BB2 /* CollectionViewCell.swift */,
				5D55151D21760BFC00924BB2 /* CollectionViewCell.xib */,
				5DC15DA221775F360030BBC2 /* TextCollection.swift */,
				5DC15DA4217762F90030BBC2 /* collectionCell.swift */,
				5DC15DA5217762F90030BBC2 /* collectionCell.xib */,
			);
			path = suryanshSirAssignment;
			sourceTree = "<group>";
		};
/* End PBXGroup section */

/* Begin PBXNativeTarget section */
		5D551500217606BB00924BB2 /* suryanshSirAssignment */ = {
			isa = PBXNativeTarget;
			buildConfigurationList = 5D551513217606BC00924BB2 /* Build configuration list for PBXNativeTarget "suryanshSirAssignment" */;
			buildPhases = (
				5D5514FD217606BB00924BB2 /* Sources */,
				5D5514FE217606BB00924BB2 /* Frameworks */,
				5D5514FF217606BB00924BB2 /* Resources */,
			);
			buildRules = (
			);
			dependencies = (
			);
			name = suryanshSirAssignment;
			productName = suryanshSirAssignment;
			productReference = 5D551501217606BB00924BB2 /* suryanshSirAssignment.app */;
			productType = "com.apple.product-type.application";
		};
/* End PBXNativeTarget section */

/* Begin PBXProject section */
		5D5514F9217606BB00924BB2 /* Project object */ = {
			isa = PBXProject;
			attributes = {
				LastSwiftUpdateCheck = 0940;
				LastUpgradeCheck = 0940;
				ORGANIZATIONNAME = appventurez;
				TargetAttributes = {
					5D551500217606BB00924BB2 = {
						CreatedOnToolsVersion = 9.4.1;
					};
				};
			};
			buildConfigurationList = 5D5514FC217606BB00924BB2 /* Build configuration list for PBXProject "suryanshSirAssignment" */;
			compatibilityVersion = "Xcode 9.3";
			developmentRegion = en;
			hasScannedForEncodings = 0;
			knownRegions = (
				en,
				Base,
			);
			mainGroup = 5D5514F8217606BB00924BB2;
			productRefGroup = 5D551502217606BB00924BB2 /* Products */;
			projectDirPath = "";
			projectRoot = "";
			targets = (
				5D551500217606BB00924BB2 /* suryanshSirAssignment */,
			);
		};
/* End PBXProject section */

/* Begin PBXResourcesBuildPhase section */
		5D5514FF217606BB00924BB2 /* Resources */ = {
			isa = PBXResourcesBuildPhase;
			buildActionMask = 2147483647;
			files = (
				5D55150F217606BC00924BB2 /* LaunchScreen.storyboard in Resources */,
				5DC15DA7217762F90030BBC2 /* collectionCell.xib in Resources */,
				5D55150C217606BC00924BB2 /* Assets.xcassets in Resources */,
				5D55151F21760BFC00924BB2 /* CollectionViewCell.xib in Resources */,
			);
			runOnlyForDeploymentPostprocessing = 0;
		};
/* End PBXResourcesBuildPhase section */

/* Begin PBXSourcesBuildPhase section */
		5D5514FD217606BB00924BB2 /* Sources */ = {
			isa = PBXSourcesBuildPhase;
			buildActionMask = 2147483647;
			files = (
				5D551507217606BB00924BB2 /* ViewController.swift in Sources */,
				5D55151B21760A0400924BB2 /* DisplayVC.swift in Sources */,
				5D55151E21760BFC00924BB2 /* CollectionViewCell.swift in Sources */,
				5DC15DA6217762F90030BBC2 /* collectionCell.swift in Sources */,
				5D551519217609EB00924BB2 /* AddressVC.swift in Sources */,
				5D5515172176099300924BB2 /* SecondVC.swift in Sources */,
				5DC15DA321775F360030BBC2 /* TextCollection.swift in Sources */,
				5D551505217606BB00924BB2 /* AppDelegate.swift in Sources */,
			);
			runOnlyForDeploymentPostprocessing = 0;
		};
/* End PBXSourcesBuildPhase section */

/* Begin PBXVariantGroup section */
		5D55150D217606BC00924BB2 /* LaunchScreen.storyboard */ = {
			isa = PBXVariantGroup;
			children = (
				5D55150E217606BC00924BB2 /* Base */,
			);
			name = LaunchScreen.storyboard;
			sourceTree = "<group>";
		};
/* End PBXVariantGroup section */

/* Begin XCBuildConfiguration section */
		5D551511217606BC00924BB2 /* Debug */ = {
			isa = XCBuildConfiguration;
			buildSettings = {
				ALWAYS_SEARCH_USER_PATHS = NO;
				CLANG_ANALYZER_NONNULL = YES;
				CLANG_ANALYZER_NUMBER_OBJECT_CONVERSION = YES_AGGRESSIVE;
				CLANG_CXX_LANGUAGE_STANDARD = "gnu++14";
				CLANG_CXX_LIBRARY = "libc++";
				CLANG_ENABLE_MODULES = YES;
				CLANG_ENABLE_OBJC_ARC = YES;
				CLANG_ENABLE_OBJC_WEAK = YES;
				CLANG_WARN_BLOCK_CAPTURE_AUTORELEASING = YES;
				CLANG_WARN_BOOL_CONVERSION = YES;
				CLANG_WARN_COMMA = YES;
				CLANG_WARN_CONSTANT_CONVERSION = YES;
				CLANG_WARN_DEPRECATED_OBJC_IMPLEMENTATIONS = YES;
				CLANG_WARN_DIRECT_OBJC_ISA_USAGE = YES_ERROR;
				CLANG_WARN_DOCUMENTATION_COMMENTS = YES;
				CLANG_WARN_EMPTY_BODY = YES;
				CLANG_WARN_ENUM_CONVERSION = YES;
				CLANG_WARN_INFINITE_RECURSION = YES;
				CLANG_WARN_INT_CONVERSION = YES;
				CLANG_WARN_NON_LITERAL_NULL_CONVERSION = YES;
				CLANG_WARN_OBJC_IMPLICIT_RETAIN_SELF = YES;
				CLANG_WARN_OBJC_LITERAL_CONVERSION = YES;
				CLANG_WARN_OBJC_ROOT_CLASS = YES_ERROR;
				CLANG_WARN_RANGE_LOOP_ANALYSIS = YES;
				CLANG_WARN_STRICT_PROTOTYPES = YES;
				CLANG_WARN_SUSPICIOUS_MOVE = YES;
				CLANG_WARN_UNGUARDED_AVAILABILITY = YES_AGGRESSIVE;
				CLANG_WARN_UNREACHABLE_CODE = YES;
				CLANG_WARN__DUPLICATE_METHOD_MATCH = YES;
				CODE_SIGN_IDENTITY = "iPhone Developer";
				COPY_PHASE_STRIP = NO;
				DEBUG_INFORMATION_FORMAT = dwarf;
				ENABLE_STRICT_OBJC_MSGSEND = YES;
				ENABLE_TESTABILITY = YES;
				GCC_C_LANGUAGE_STANDARD = gnu11;
				GCC_DYNAMIC_NO_PIC = NO;
				GCC_NO_COMMON_BLOCKS = YES;
				GCC_OPTIMIZATION_LEVEL = 0;
				GCC_PREPROCESSOR_DEFINITIONS = (
					"DEBUG=1",
					"$(inherited)",
				);
				GCC_WARN_64_TO_32_BIT_CONVERSION = YES;
				GCC_WARN_ABOUT_RETURN_TYPE = YES_ERROR;
				GCC_WARN_UNDECLARED_SELECTOR = YES;
				GCC_WARN_UNINITIALIZED_AUTOS = YES_AGGRESSIVE;
				GCC_WARN_UNUSED_FUNCTION = YES;
				GCC_WARN_UNUSED_VARIABLE = YES;
				IPHONEOS_DEPLOYMENT_TARGET = 11.4;
				MTL_ENABLE_DEBUG_INFO = YES;
				ONLY_ACTIVE_ARCH = YES;
				SDKROOT = iphoneos;
				SWIFT_ACTIVE_COMPILATION_CONDITIONS = DEBUG;
				SWIFT_OPTIMIZATION_LEVEL = "-Onone";
			};
			name = Debug;
		};
		5D551512217606BC00924BB2 /* Release */ = {
			isa = XCBuildConfiguration;
			buildSettings = {
				ALWAYS_SEARCH_USER_PATHS = NO;
				CLANG_ANALYZER_NONNULL = YES;
				CLANG_ANALYZER_NUMBER_OBJECT_CONVERSION = YES_AGGRESSIVE;
				CLANG_CXX_LANGUAGE_STANDARD = "gnu++14";
				CLANG_CXX_LIBRARY = "libc++";
				CLANG_ENABLE_MODULES = YES;
				CLANG_ENABLE_OBJC_ARC = YES;
				CLANG_ENABLE_OBJC_WEAK = YES;
				CLANG_WARN_BLOCK_CAPTURE_AUTORELEASING = YES;
				CLANG_WARN_BOOL_CONVERSION = YES;
				CLANG_WARN_COMMA = YES;
				CLANG_WARN_CONSTANT_CONVERSION = YES;
				CLANG_WARN_DEPRECATED_OBJC_IMPLEMENTATIONS = YES;
				CLANG_WARN_DIRECT_OBJC_ISA_USAGE = YES_ERROR;
				CLANG_WARN_DOCUMENTATION_COMMENTS = YES;
				CLANG_WARN_EMPTY_BODY = YES;
				CLANG_WARN_ENUM_CONVERSION = YES;
				CLANG_WARN_INFINITE_RECURSION = YES;
				CLANG_WARN_INT_CONVERSION = YES;
				CLANG_WARN_NON_LITERAL_NULL_CONVERSION = YES;
				CLANG_WARN_OBJC_IMPLICIT_RETAIN_SELF = YES;
				CLANG_WARN_OBJC_LITERAL_CONVERSION = YES;
				CLANG_WARN_OBJC_ROOT_CLASS = YES_ERROR;
				CLANG_WARN_RANGE_LOOP_ANALYSIS = YES;
				CLANG_WARN_STRICT_PROTOTYPES = YES;
				CLANG_WARN_SUSPICIOUS_MOVE = YES;
				CLANG_WARN_UNGUARDED_AVAILABILITY = YES_AGGRESSIVE;
				CLANG_WARN_UNREACHABLE_CODE = YES;
				CLANG_WARN__DUPLICATE_METHOD_MATCH = YES;
				CODE_SIGN_IDENTITY = "iPhone Developer";
				COPY_PHASE_STRIP = NO;
				DEBUG_INFORMATION_FORMAT = "dwarf-with-dsym";
				ENABLE_NS_ASSERTIONS = NO;
				ENABLE_STRICT_OBJC_MSGSEND = YES;
				GCC_C_LANGUAGE_STANDARD = gnu11;
				GCC_NO_COMMON_BLOCKS = YES;
				GCC_WARN_64_TO_32_BIT_CONVERSION = YES;
				GCC_WARN_ABOUT_RETURN_TYPE = YES_ERROR;
				GCC_WARN_UNDECLARED_SELECTOR = YES;
				GCC_WARN_UNINITIALIZED_AUTOS = YES_AGGRESSIVE;
				GCC_WARN_UNUSED_FUNCTION = YES;
				GCC_WARN_UNUSED_VARIABLE = YES;
				IPHONEOS_DEPLOYMENT_TARGET = 11.4;
				MTL_ENABLE_DEBUG_INFO = NO;
				SDKROOT = iphoneos;
				SWIFT_COMPILATION_MODE = wholemodule;
				SWIFT_OPTIMIZATION_LEVEL = "-O";
				VALIDATE_PRODUCT = YES;
			};
			name = Release;
		};
		5D551514217606BC00924BB2 /* Debug */ = {
			isa = XCBuildConfiguration;
			buildSettings = {
				ASSETCATALOG_COMPILER_APPICON_NAME = AppIcon;
				CODE_SIGN_STYLE = Automatic;
				INFOPLIST_FILE = suryanshSirAssignment/Info.plist;
				LD_RUNPATH_SEARCH_PATHS = (
					"$(inherited)",
					"@executable_path/Frameworks",
				);
				PRODUCT_BUNDLE_IDENTIFIER = appVenturez.com.suryanshSirAssignment;
				PRODUCT_NAME = "$(TARGET_NAME)";
				SWIFT_VERSION = 4.0;
				TARGETED_DEVICE_FAMILY = "1,2";
			};
			name = Debug;
		};
		5D551515217606BC00924BB2 /* Release */ = {
			isa = XCBuildConfiguration;
			buildSettings = {
				ASSETCATALOG_COMPILER_APPICON_NAME = AppIcon;
				CODE_SIGN_STYLE = Automatic;
				INFOPLIST_FILE = suryanshSirAssignment/Info.plist;
				LD_RUNPATH_SEARCH_PATHS = (
					"$(inherited)",
					"@executable_path/Frameworks",
				);
				PRODUCT_BUNDLE_IDENTIFIER = appVenturez.com.suryanshSirAssignment;
				PRODUCT_NAME = "$(TARGET_NAME)";
				SWIFT_VERSION = 4.0;
				TARGETED_DEVICE_FAMILY = "1,2";
			};
			name = Release;
		};
/* End XCBuildConfiguration section */

/* Begin XCConfigurationList section */
		5D5514FC217606BB00924BB2 /* Build configuration list for PBXProject "suryanshSirAssignment" */ = {
			isa = XCConfigurationList;
			buildConfigurations = (
				5D551511217606BC00924BB2 /* Debug */,
				5D551512217606BC00924BB2 /* Release */,
			);
			defaultConfigurationIsVisible = 0;
			defaultConfigurationName = Release;
		};
		5D551513217606BC00924BB2 /* Build configuration list for PBXNativeTarget "suryanshSirAssignment" */ = {
			isa = XCConfigurationList;
			buildConfigurations = (
				5D551514217606BC00924BB2 /* Debug */,
				5D551515217606BC00924BB2 /* Release */,
			);
			defaultConfigurationIsVisible = 0;
			defaultConfigurationName = Release;
		};
/* End XCConfigurationList section */
	};
	rootObject = 5D5514F9217606BB00924BB2 /* Project object */;
}
