// !$*UTF8*$!
{
	archiveVersion = 1;
	classes = {
	};
	objectVersion = 50;
	objects = {

/* Begin PBXBuildFile section */
		5DFD98A921A80FAE0095F4D9 /* AppDelegate.swift in Sources */ = {isa = PBXBuildFile; fileRef = 5DFD98A821A80FAE0095F4D9 /* AppDelegate.swift */; };
		5DFD98AB21A80FAE0095F4D9 /* GameScene.sks in Resources */ = {isa = PBXBuildFile; fileRef = 5DFD98AA21A80FAE0095F4D9 /* GameScene.sks */; };
		5DFD98AD21A80FAE0095F4D9 /* Actions.sks in Resources */ = {isa = PBXBuildFile; fileRef = 5DFD98AC21A80FAE0095F4D9 /* Actions.sks */; };
		5DFD98AF21A80FAE0095F4D9 /* GameScene.swift in Sources */ = {isa = PBXBuildFile; fileRef = 5DFD98AE21A80FAE0095F4D9 /* GameScene.swift */; };
		5DFD98B121A80FAE0095F4D9 /* GameViewController.swift in Sources */ = {isa = PBXBuildFile; fileRef = 5DFD98B021A80FAE0095F4D9 /* GameViewController.swift */; };
		5DFD98B421A80FAE0095F4D9 /* Main.storyboard in Resources */ = {isa = PBXBuildFile; fileRef = 5DFD98B221A80FAE0095F4D9 /* Main.storyboard */; };
		5DFD98B621A80FB70095F4D9 /* Assets.xcassets in Resources */ = {isa = PBXBuildFile; fileRef = 5DFD98B521A80FB70095F4D9 /* Assets.xcassets */; };
		5DFD98B921A80FB70095F4D9 /* LaunchScreen.storyboard in Resources */ = {isa = PBXBuildFile; fileRef = 5DFD98B721A80FB70095F4D9 /* LaunchScreen.storyboard */; };
/* End PBXBuildFile section */

/* Begin PBXFileReference section */
		5DFD98A521A80FAE0095F4D9 /* Space.app */ = {isa = PBXFileReference; explicitFileType = wrapper.application; includeInIndex = 0; path = Space.app; sourceTree = BUILT_PRODUCTS_DIR; };
		5DFD98A821A80FAE0095F4D9 /* AppDelegate.swift */ = {isa = PBXFileReference; lastKnownFileType = sourcecode.swift; path = AppDelegate.swift; sourceTree = "<group>"; };
		5DFD98AA21A80FAE0095F4D9 /* GameScene.sks */ = {isa = PBXFileReference; lastKnownFileType = file.sks; path = GameScene.sks; sourceTree = "<group>"; };
		5DFD98AC21A80FAE0095F4D9 /* Actions.sks */ = {isa = PBXFileReference; lastKnownFileType = file.sks; path = Actions.sks; sourceTree = "<group>"; };
		5DFD98AE21A80FAE0095F4D9 /* GameScene.swift */ = {isa = PBXFileReference; lastKnownFileType = sourcecode.swift; path = GameScene.swift; sourceTree = "<group>"; };
		5DFD98B021A80FAE0095F4D9 /* GameViewController.swift */ = {isa = PBXFileReference; lastKnownFileType = sourcecode.swift; path = GameViewController.swift; sourceTree = "<group>"; };
		5DFD98B321A80FAE0095F4D9 /* Base */ = {isa = PBXFileReference; lastKnownFileType = file.storyboard; name = Base; path = Base.lproj/Main.storyboard; sourceTree = "<group>"; };
		5DFD98B521A80FB70095F4D9 /* Assets.xcassets */ = {isa = PBXFileReference; lastKnownFileType = folder.assetcatalog; path = Assets.xcassets; sourceTree = "<group>"; };
		5DFD98B821A80FB70095F4D9 /* Base */ = {isa = PBXFileReference; lastKnownFileType = file.storyboard; name = Base; path = Base.lproj/LaunchScreen.storyboard; sourceTree = "<group>"; };
		5DFD98BA21A80FB70095F4D9 /* Info.plist */ = {isa = PBXFileReference; lastKnownFileType = text.plist.xml; path = Info.plist; sourceTree = "<group>"; };
/* End PBXFileReference section */

/* Begin PBXFrameworksBuildPhase section */
		5DFD98A221A80FAE0095F4D9 /* Frameworks */ = {
			isa = PBXFrameworksBuildPhase;
			buildActionMask = 2147483647;
			files = (
			);
			runOnlyForDeploymentPostprocessing = 0;
		};
/* End PBXFrameworksBuildPhase section */

/* Begin PBXGroup section */
		5DFD989C21A80FAE0095F4D9 = {
			isa = PBXGroup;
			children = (
				5DFD98A721A80FAE0095F4D9 /* Space */,
				5DFD98A621A80FAE0095F4D9 /* Products */,
			);
			sourceTree = "<group>";
		};
		5DFD98A621A80FAE0095F4D9 /* Products */ = {
			isa = PBXGroup;
			children = (
				5DFD98A521A80FAE0095F4D9 /* Space.app */,
			);
			name = Products;
			sourceTree = "<group>";
		};
		5DFD98A721A80FAE0095F4D9 /* Space */ = {
			isa = PBXGroup;
			children = (
				5DFD98A821A80FAE0095F4D9 /* AppDelegate.swift */,
				5DFD98AA21A80FAE0095F4D9 /* GameScene.sks */,
				5DFD98AC21A80FAE0095F4D9 /* Actions.sks */,
				5DFD98AE21A80FAE0095F4D9 /* GameScene.swift */,
				5DFD98B021A80FAE0095F4D9 /* GameViewController.swift */,
				5DFD98B221A80FAE0095F4D9 /* Main.storyboard */,
				5DFD98B521A80FB70095F4D9 /* Assets.xcassets */,
				5DFD98B721A80FB70095F4D9 /* LaunchScreen.storyboard */,
				5DFD98BA21A80FB70095F4D9 /* Info.plist */,
			);
			path = Space;
			sourceTree = "<group>";
		};
/* End PBXGroup section */

/* Begin PBXNativeTarget section */
		5DFD98A421A80FAE0095F4D9 /* Space */ = {
			isa = PBXNativeTarget;
			buildConfigurationList = 5DFD98BD21A80FB70095F4D9 /* Build configuration list for PBXNativeTarget "Space" */;
			buildPhases = (
				5DFD98A121A80FAE0095F4D9 /* Sources */,
				5DFD98A221A80FAE0095F4D9 /* Frameworks */,
				5DFD98A321A80FAE0095F4D9 /* Resources */,
			);
			buildRules = (
			);
			dependencies = (
			);
			name = Space;
			productName = Space;
			productReference = 5DFD98A521A80FAE0095F4D9 /* Space.app */;
			productType = "com.apple.product-type.application";
		};
/* End PBXNativeTarget section */

/* Begin PBXProject section */
		5DFD989D21A80FAE0095F4D9 /* Project object */ = {
			isa = PBXProject;
			attributes = {
				LastSwiftUpdateCheck = 0940;
				LastUpgradeCheck = 0940;
				ORGANIZATIONNAME = appventurez;
				TargetAttributes = {
					5DFD98A421A80FAE0095F4D9 = {
						CreatedOnToolsVersion = 9.4.1;
					};
				};
			};
			buildConfigurationList = 5DFD98A021A80FAE0095F4D9 /* Build configuration list for PBXProject "Space" */;
			compatibilityVersion = "Xcode 9.3";
			developmentRegion = en;
			hasScannedForEncodings = 0;
			knownRegions = (
				en,
				Base,
			);
			mainGroup = 5DFD989C21A80FAE0095F4D9;
			productRefGroup = 5DFD98A621A80FAE0095F4D9 /* Products */;
			projectDirPath = "";
			projectRoot = "";
			targets = (
				5DFD98A421A80FAE0095F4D9 /* Space */,
			);
		};
/* End PBXProject section */

/* Begin PBXResourcesBuildPhase section */
		5DFD98A321A80FAE0095F4D9 /* Resources */ = {
			isa = PBXResourcesBuildPhase;
			buildActionMask = 2147483647;
			files = (
				5DFD98B421A80FAE0095F4D9 /* Main.storyboard in Resources */,
				5DFD98AB21A80FAE0095F4D9 /* GameScene.sks in Resources */,
				5DFD98B621A80FB70095F4D9 /* Assets.xcassets in Resources */,
				5DFD98B921A80FB70095F4D9 /* LaunchScreen.storyboard in Resources */,
				5DFD98AD21A80FAE0095F4D9 /* Actions.sks in Resources */,
			);
			runOnlyForDeploymentPostprocessing = 0;
		};
/* End PBXResourcesBuildPhase section */

/* Begin PBXSourcesBuildPhase section */
		5DFD98A121A80FAE0095F4D9 /* Sources */ = {
			isa = PBXSourcesBuildPhase;
			buildActionMask = 2147483647;
			files = (
				5DFD98AF21A80FAE0095F4D9 /* GameScene.swift in Sources */,
				5DFD98B121A80FAE0095F4D9 /* GameViewController.swift in Sources */,
				5DFD98A921A80FAE0095F4D9 /* AppDelegate.swift in Sources */,
			);
			runOnlyForDeploymentPostprocessing = 0;
		};
/* End PBXSourcesBuildPhase section */

/* Begin PBXVariantGroup section */
		5DFD98B221A80FAE0095F4D9 /* Main.storyboard */ = {
			isa = PBXVariantGroup;
			children = (
				5DFD98B321A80FAE0095F4D9 /* Base */,
			);
			name = Main.storyboard;
			sourceTree = "<group>";
		};
		5DFD98B721A80FB70095F4D9 /* LaunchScreen.storyboard */ = {
			isa = PBXVariantGroup;
			children = (
				5DFD98B821A80FB70095F4D9 /* Base */,
			);
			name = LaunchScreen.storyboard;
			sourceTree = "<group>";
		};
/* End PBXVariantGroup section */

/* Begin XCBuildConfiguration section */
		5DFD98BB21A80FB70095F4D9 /* Debug */ = {
			isa = XCBuildConfiguration;
			buildSettings = {
				ALWAYS_SEARCH_USER_PATHS = NO;
				CLANG_ANALYZER_NONNULL = YES;
				CLANG_ANALYZER_NUMBER_OBJECT_CONVERSION = YES_AGGRESSIVE;
				CLANG_CXX_LANGUAGE_STANDARD = "gnu++14";
				CLANG_CXX_LIBRARY = "libc++";
				CLANG_ENABLE_MODULES = YES;
				CLANG_ENABLE_OBJC_ARC = YES;
				CLANG_ENABLE_OBJC_WEAK = YES;
				CLANG_WARN_BLOCK_CAPTURE_AUTORELEASING = YES;
				CLANG_WARN_BOOL_CONVERSION = YES;
				CLANG_WARN_COMMA = YES;
				CLANG_WARN_CONSTANT_CONVERSION = YES;
				CLANG_WARN_DEPRECATED_OBJC_IMPLEMENTATIONS = YES;
				CLANG_WARN_DIRECT_OBJC_ISA_USAGE = YES_ERROR;
				CLANG_WARN_DOCUMENTATION_COMMENTS = YES;
				CLANG_WARN_EMPTY_BODY = YES;
				CLANG_WARN_ENUM_CONVERSION = YES;
				CLANG_WARN_INFINITE_RECURSION = YES;
				CLANG_WARN_INT_CONVERSION = YES;
				CLANG_WARN_NON_LITERAL_NULL_CONVERSION = YES;
				CLANG_WARN_OBJC_IMPLICIT_RETAIN_SELF = YES;
				CLANG_WARN_OBJC_LITERAL_CONVERSION = YES;
				CLANG_WARN_OBJC_ROOT_CLASS = YES_ERROR;
				CLANG_WARN_RANGE_LOOP_ANALYSIS = YES;
				CLANG_WARN_STRICT_PROTOTYPES = YES;
				CLANG_WARN_SUSPICIOUS_MOVE = YES;
				CLANG_WARN_UNGUARDED_AVAILABILITY = YES_AGGRESSIVE;
				CLANG_WARN_UNREACHABLE_CODE = YES;
				CLANG_WARN__DUPLICATE_METHOD_MATCH = YES;
				CODE_SIGN_IDENTITY = "iPhone Developer";
				COPY_PHASE_STRIP = NO;
				DEBUG_INFORMATION_FORMAT = dwarf;
				ENABLE_STRICT_OBJC_MSGSEND = YES;
				ENABLE_TESTABILITY = YES;
				GCC_C_LANGUAGE_STANDARD = gnu11;
				GCC_DYNAMIC_NO_PIC = NO;
				GCC_NO_COMMON_BLOCKS = YES;
				GCC_OPTIMIZATION_LEVEL = 0;
				GCC_PREPROCESSOR_DEFINITIONS = (
					"DEBUG=1",
					"$(inherited)",
				);
				GCC_WARN_64_TO_32_BIT_CONVERSION = YES;
				GCC_WARN_ABOUT_RETURN_TYPE = YES_ERROR;
				GCC_WARN_UNDECLARED_SELECTOR = YES;
				GCC_WARN_UNINITIALIZED_AUTOS = YES_AGGRESSIVE;
				GCC_WARN_UNUSED_FUNCTION = YES;
				GCC_WARN_UNUSED_VARIABLE = YES;
				IPHONEOS_DEPLOYMENT_TARGET = 11.4;
				MTL_ENABLE_DEBUG_INFO = YES;
				ONLY_ACTIVE_ARCH = YES;
				SDKROOT = iphoneos;
				SWIFT_ACTIVE_COMPILATION_CONDITIONS = DEBUG;
				SWIFT_OPTIMIZATION_LEVEL = "-Onone";
			};
			name = Debug;
		};
		5DFD98BC21A80FB70095F4D9 /* Release */ = {
			isa = XCBuildConfiguration;
			buildSettings = {
				ALWAYS_SEARCH_USER_PATHS = NO;
				CLANG_ANALYZER_NONNULL = YES;
				CLANG_ANALYZER_NUMBER_OBJECT_CONVERSION = YES_AGGRESSIVE;
				CLANG_CXX_LANGUAGE_STANDARD = "gnu++14";
				CLANG_CXX_LIBRARY = "libc++";
				CLANG_ENABLE_MODULES = YES;
				CLANG_ENABLE_OBJC_ARC = YES;
				CLANG_ENABLE_OBJC_WEAK = YES;
				CLANG_WARN_BLOCK_CAPTURE_AUTORELEASING = YES;
				CLANG_WARN_BOOL_CONVERSION = YES;
				CLANG_WARN_COMMA = YES;
				CLANG_WARN_CONSTANT_CONVERSION = YES;
				CLANG_WARN_DEPRECATED_OBJC_IMPLEMENTATIONS = YES;
				CLANG_WARN_DIRECT_OBJC_ISA_USAGE = YES_ERROR;
				CLANG_WARN_DOCUMENTATION_COMMENTS = YES;
				CLANG_WARN_EMPTY_BODY = YES;
				CLANG_WARN_ENUM_CONVERSION = YES;
				CLANG_WARN_INFINITE_RECURSION = YES;
				CLANG_WARN_INT_CONVERSION = YES;
				CLANG_WARN_NON_LITERAL_NULL_CONVERSION = YES;
				CLANG_WARN_OBJC_IMPLICIT_RETAIN_SELF = YES;
				CLANG_WARN_OBJC_LITERAL_CONVERSION = YES;
				CLANG_WARN_OBJC_ROOT_CLASS = YES_ERROR;
				CLANG_WARN_RANGE_LOOP_ANALYSIS = YES;
				CLANG_WARN_STRICT_PROTOTYPES = YES;
				CLANG_WARN_SUSPICIOUS_MOVE = YES;
				CLANG_WARN_UNGUARDED_AVAILABILITY = YES_AGGRESSIVE;
				CLANG_WARN_UNREACHABLE_CODE = YES;
				CLANG_WARN__DUPLICATE_METHOD_MATCH = YES;
				CODE_SIGN_IDENTITY = "iPhone Developer";
				COPY_PHASE_STRIP = NO;
				DEBUG_INFORMATION_FORMAT = "dwarf-with-dsym";
				ENABLE_NS_ASSERTIONS = NO;
				ENABLE_STRICT_OBJC_MSGSEND = YES;
				GCC_C_LANGUAGE_STANDARD = gnu11;
				GCC_NO_COMMON_BLOCKS = YES;
				GCC_WARN_64_TO_32_BIT_CONVERSION = YES;
				GCC_WARN_ABOUT_RETURN_TYPE = YES_ERROR;
				GCC_WARN_UNDECLARED_SELECTOR = YES;
				GCC_WARN_UNINITIALIZED_AUTOS = YES_AGGRESSIVE;
				GCC_WARN_UNUSED_FUNCTION = YES;
				GCC_WARN_UNUSED_VARIABLE = YES;
				IPHONEOS_DEPLOYMENT_TARGET = 11.4;
				MTL_ENABLE_DEBUG_INFO = NO;
				SDKROOT = iphoneos;
				SWIFT_COMPILATION_MODE = wholemodule;
				SWIFT_OPTIMIZATION_LEVEL = "-O";
				VALIDATE_PRODUCT = YES;
			};
			name = Release;
		};
		5DFD98BE21A80FB70095F4D9 /* Debug */ = {
			isa = XCBuildConfiguration;
			buildSettings = {
				ASSETCATALOG_COMPILER_APPICON_NAME = AppIcon;
				CODE_SIGN_STYLE = Automatic;
				INFOPLIST_FILE = Space/Info.plist;
				LD_RUNPATH_SEARCH_PATHS = (
					"$(inherited)",
					"@executable_path/Frameworks",
				);
				PRODUCT_BUNDLE_IDENTIFIER = com.appventure..Space;
				PRODUCT_NAME = "$(TARGET_NAME)";
				SWIFT_VERSION = 4.0;
				TARGETED_DEVICE_FAMILY = "1,2";
			};
			name = Debug;
		};
		5DFD98BF21A80FB70095F4D9 /* Release */ = {
			isa = XCBuildConfiguration;
			buildSettings = {
				ASSETCATALOG_COMPILER_APPICON_NAME = AppIcon;
				CODE_SIGN_STYLE = Automatic;
				INFOPLIST_FILE = Space/Info.plist;
				LD_RUNPATH_SEARCH_PATHS = (
					"$(inherited)",
					"@executable_path/Frameworks",
				);
				PRODUCT_BUNDLE_IDENTIFIER = com.appventure..Space;
				PRODUCT_NAME = "$(TARGET_NAME)";
				SWIFT_VERSION = 4.0;
				TARGETED_DEVICE_FAMILY = "1,2";
			};
			name = Release;
		};
/* End XCBuildConfiguration section */

/* Begin XCConfigurationList section */
		5DFD98A021A80FAE0095F4D9 /* Build configuration list for PBXProject "Space" */ = {
			isa = XCConfigurationList;
			buildConfigurations = (
				5DFD98BB21A80FB70095F4D9 /* Debug */,
				5DFD98BC21A80FB70095F4D9 /* Release */,
			);
			defaultConfigurationIsVisible = 0;
			defaultConfigurationName = Release;
		};
		5DFD98BD21A80FB70095F4D9 /* Build configuration list for PBXNativeTarget "Space" */ = {
			isa = XCConfigurationList;
			buildConfigurations = (
				5DFD98BE21A80FB70095F4D9 /* Debug */,
				5DFD98BF21A80FB70095F4D9 /* Release */,
			);
			defaultConfigurationIsVisible = 0;
			defaultConfigurationName = Release;
		};
/* End XCConfigurationList section */
	};
	rootObject = 5DFD989D21A80FAE0095F4D9 /* Project object */;
}
