// !$*UTF8*$!
{
	archiveVersion = 1;
	classes = {
	};
	objectVersion = 50;
	objects = {

/* Begin PBXBuildFile section */
		5D5058A42175A4B80045768F /* AppDelegate.swift in Sources */ = {isa = PBXBuildFile; fileRef = 5D5058A32175A4B80045768F /* AppDelegate.swift */; };
		5D5058A62175A4B80045768F /* ViewController.swift in Sources */ = {isa = PBXBuildFile; fileRef = 5D5058A52175A4B80045768F /* ViewController.swift */; };
		5D5058A92175A4B80045768F /* Main.storyboard in Resources */ = {isa = PBXBuildFile; fileRef = 5D5058A72175A4B80045768F /* Main.storyboard */; };
		5D5058AB2175A4BE0045768F /* Assets.xcassets in Resources */ = {isa = PBXBuildFile; fileRef = 5D5058AA2175A4BE0045768F /* Assets.xcassets */; };
		5D5058AE2175A4BE0045768F /* LaunchScreen.storyboard in Resources */ = {isa = PBXBuildFile; fileRef = 5D5058AC2175A4BE0045768F /* LaunchScreen.storyboard */; };
		5D5058B62175A9770045768F /* DisplayViewController.swift in Sources */ = {isa = PBXBuildFile; fileRef = 5D5058B52175A9770045768F /* DisplayViewController.swift */; };
		5D5058B82175A99F0045768F /* INsertNewDataViewController.swift in Sources */ = {isa = PBXBuildFile; fileRef = 5D5058B72175A99F0045768F /* INsertNewDataViewController.swift */; };
		5D5058BF2175AF960045768F /* CustomTableViewCell.swift in Sources */ = {isa = PBXBuildFile; fileRef = 5D5058BD2175AF960045768F /* CustomTableViewCell.swift */; };
		5D5058C02175AF960045768F /* CustomTableViewCell.xib in Resources */ = {isa = PBXBuildFile; fileRef = 5D5058BE2175AF960045768F /* CustomTableViewCell.xib */; };
/* End PBXBuildFile section */

/* Begin PBXFileReference section */
		5D5058A02175A4B80045768F /* SearchBarWithProtocal.app */ = {isa = PBXFileReference; explicitFileType = wrapper.application; includeInIndex = 0; path = SearchBarWithProtocal.app; sourceTree = BUILT_PRODUCTS_DIR; };
		5D5058A32175A4B80045768F /* AppDelegate.swift */ = {isa = PBXFileReference; lastKnownFileType = sourcecode.swift; path = AppDelegate.swift; sourceTree = "<group>"; };
		5D5058A52175A4B80045768F /* ViewController.swift */ = {isa = PBXFileReference; lastKnownFileType = sourcecode.swift; path = ViewController.swift; sourceTree = "<group>"; };
		5D5058A82175A4B80045768F /* Base */ = {isa = PBXFileReference; lastKnownFileType = file.storyboard; name = Base; path = Base.lproj/Main.storyboard; sourceTree = "<group>"; };
		5D5058AA2175A4BE0045768F /* Assets.xcassets */ = {isa = PBXFileReference; lastKnownFileType = folder.assetcatalog; path = Assets.xcassets; sourceTree = "<group>"; };
		5D5058AD2175A4BE0045768F /* Base */ = {isa = PBXFileReference; lastKnownFileType = file.storyboard; name = Base; path = Base.lproj/LaunchScreen.storyboard; sourceTree = "<group>"; };
		5D5058AF2175A4BE0045768F /* Info.plist */ = {isa = PBXFileReference; lastKnownFileType = text.plist.xml; path = Info.plist; sourceTree = "<group>"; };
		5D5058B52175A9770045768F /* DisplayViewController.swift */ = {isa = PBXFileReference; lastKnownFileType = sourcecode.swift; path = DisplayViewController.swift; sourceTree = "<group>"; };
		5D5058B72175A99F0045768F /* INsertNewDataViewController.swift */ = {isa = PBXFileReference; lastKnownFileType = sourcecode.swift; path = INsertNewDataViewController.swift; sourceTree = "<group>"; };
		5D5058BD2175AF960045768F /* CustomTableViewCell.swift */ = {isa = PBXFileReference; lastKnownFileType = sourcecode.swift; path = CustomTableViewCell.swift; sourceTree = "<group>"; };
		5D5058BE2175AF960045768F /* CustomTableViewCell.xib */ = {isa = PBXFileReference; lastKnownFileType = file.xib; path = CustomTableViewCell.xib; sourceTree = "<group>"; };
/* End PBXFileReference section */

/* Begin PBXFrameworksBuildPhase section */
		5D50589D2175A4B80045768F /* Frameworks */ = {
			isa = PBXFrameworksBuildPhase;
			buildActionMask = 2147483647;
			files = (
			);
			runOnlyForDeploymentPostprocessing = 0;
		};
/* End PBXFrameworksBuildPhase section */

/* Begin PBXGroup section */
		5D5058972175A4B80045768F = {
			isa = PBXGroup;
			children = (
				5D5058A22175A4B80045768F /* SearchBarWithProtocal */,
				5D5058A12175A4B80045768F /* Products */,
			);
			sourceTree = "<group>";
		};
		5D5058A12175A4B80045768F /* Products */ = {
			isa = PBXGroup;
			children = (
				5D5058A02175A4B80045768F /* SearchBarWithProtocal.app */,
			);
			name = Products;
			sourceTree = "<group>";
		};
		5D5058A22175A4B80045768F /* SearchBarWithProtocal */ = {
			isa = PBXGroup;
			children = (
				5D5058B72175A99F0045768F /* INsertNewDataViewController.swift */,
				5D5058B52175A9770045768F /* DisplayViewController.swift */,
				5D5058A32175A4B80045768F /* AppDelegate.swift */,
				5D5058A52175A4B80045768F /* ViewController.swift */,
				5D5058A72175A4B80045768F /* Main.storyboard */,
				5D5058AA2175A4BE0045768F /* Assets.xcassets */,
				5D5058AC2175A4BE0045768F /* LaunchScreen.storyboard */,
				5D5058AF2175A4BE0045768F /* Info.plist */,
				5D5058BD2175AF960045768F /* CustomTableViewCell.swift */,
				5D5058BE2175AF960045768F /* CustomTableViewCell.xib */,
			);
			path = SearchBarWithProtocal;
			sourceTree = "<group>";
		};
/* End PBXGroup section */

/* Begin PBXNativeTarget section */
		5D50589F2175A4B80045768F /* SearchBarWithProtocal */ = {
			isa = PBXNativeTarget;
			buildConfigurationList = 5D5058B22175A4BE0045768F /* Build configuration list for PBXNativeTarget "SearchBarWithProtocal" */;
			buildPhases = (
				5D50589C2175A4B80045768F /* Sources */,
				5D50589D2175A4B80045768F /* Frameworks */,
				5D50589E2175A4B80045768F /* Resources */,
			);
			buildRules = (
			);
			dependencies = (
			);
			name = SearchBarWithProtocal;
			productName = SearchBarWithProtocal;
			productReference = 5D5058A02175A4B80045768F /* SearchBarWithProtocal.app */;
			productType = "com.apple.product-type.application";
		};
/* End PBXNativeTarget section */

/* Begin PBXProject section */
		5D5058982175A4B80045768F /* Project object */ = {
			isa = PBXProject;
			attributes = {
				LastSwiftUpdateCheck = 0940;
				LastUpgradeCheck = 0940;
				ORGANIZATIONNAME = appventurez;
				TargetAttributes = {
					5D50589F2175A4B80045768F = {
						CreatedOnToolsVersion = 9.4.1;
					};
				};
			};
			buildConfigurationList = 5D50589B2175A4B80045768F /* Build configuration list for PBXProject "SearchBarWithProtocal" */;
			compatibilityVersion = "Xcode 9.3";
			developmentRegion = en;
			hasScannedForEncodings = 0;
			knownRegions = (
				en,
				Base,
			);
			mainGroup = 5D5058972175A4B80045768F;
			productRefGroup = 5D5058A12175A4B80045768F /* Products */;
			projectDirPath = "";
			projectRoot = "";
			targets = (
				5D50589F2175A4B80045768F /* SearchBarWithProtocal */,
			);
		};
/* End PBXProject section */

/* Begin PBXResourcesBuildPhase section */
		5D50589E2175A4B80045768F /* Resources */ = {
			isa = PBXResourcesBuildPhase;
			buildActionMask = 2147483647;
			files = (
				5D5058AE2175A4BE0045768F /* LaunchScreen.storyboard in Resources */,
				5D5058AB2175A4BE0045768F /* Assets.xcassets in Resources */,
				5D5058C02175AF960045768F /* CustomTableViewCell.xib in Resources */,
				5D5058A92175A4B80045768F /* Main.storyboard in Resources */,
			);
			runOnlyForDeploymentPostprocessing = 0;
		};
/* End PBXResourcesBuildPhase section */

/* Begin PBXSourcesBuildPhase section */
		5D50589C2175A4B80045768F /* Sources */ = {
			isa = PBXSourcesBuildPhase;
			buildActionMask = 2147483647;
			files = (
				5D5058B82175A99F0045768F /* INsertNewDataViewController.swift in Sources */,
				5D5058BF2175AF960045768F /* CustomTableViewCell.swift in Sources */,
				5D5058A62175A4B80045768F /* ViewController.swift in Sources */,
				5D5058B62175A9770045768F /* DisplayViewController.swift in Sources */,
				5D5058A42175A4B80045768F /* AppDelegate.swift in Sources */,
			);
			runOnlyForDeploymentPostprocessing = 0;
		};
/* End PBXSourcesBuildPhase section */

/* Begin PBXVariantGroup section */
		5D5058A72175A4B80045768F /* Main.storyboard */ = {
			isa = PBXVariantGroup;
			children = (
				5D5058A82175A4B80045768F /* Base */,
			);
			name = Main.storyboard;
			sourceTree = "<group>";
		};
		5D5058AC2175A4BE0045768F /* LaunchScreen.storyboard */ = {
			isa = PBXVariantGroup;
			children = (
				5D5058AD2175A4BE0045768F /* Base */,
			);
			name = LaunchScreen.storyboard;
			sourceTree = "<group>";
		};
/* End PBXVariantGroup section */

/* Begin XCBuildConfiguration section */
		5D5058B02175A4BE0045768F /* Debug */ = {
			isa = XCBuildConfiguration;
			buildSettings = {
				ALWAYS_SEARCH_USER_PATHS = NO;
				CLANG_ANALYZER_NONNULL = YES;
				CLANG_ANALYZER_NUMBER_OBJECT_CONVERSION = YES_AGGRESSIVE;
				CLANG_CXX_LANGUAGE_STANDARD = "gnu++14";
				CLANG_CXX_LIBRARY = "libc++";
				CLANG_ENABLE_MODULES = YES;
				CLANG_ENABLE_OBJC_ARC = YES;
				CLANG_ENABLE_OBJC_WEAK = YES;
				CLANG_WARN_BLOCK_CAPTURE_AUTORELEASING = YES;
				CLANG_WARN_BOOL_CONVERSION = YES;
				CLANG_WARN_COMMA = YES;
				CLANG_WARN_CONSTANT_CONVERSION = YES;
				CLANG_WARN_DEPRECATED_OBJC_IMPLEMENTATIONS = YES;
				CLANG_WARN_DIRECT_OBJC_ISA_USAGE = YES_ERROR;
				CLANG_WARN_DOCUMENTATION_COMMENTS = YES;
				CLANG_WARN_EMPTY_BODY = YES;
				CLANG_WARN_ENUM_CONVERSION = YES;
				CLANG_WARN_INFINITE_RECURSION = YES;
				CLANG_WARN_INT_CONVERSION = YES;
				CLANG_WARN_NON_LITERAL_NULL_CONVERSION = YES;
				CLANG_WARN_OBJC_IMPLICIT_RETAIN_SELF = YES;
				CLANG_WARN_OBJC_LITERAL_CONVERSION = YES;
				CLANG_WARN_OBJC_ROOT_CLASS = YES_ERROR;
				CLANG_WARN_RANGE_LOOP_ANALYSIS = YES;
				CLANG_WARN_STRICT_PROTOTYPES = YES;
				CLANG_WARN_SUSPICIOUS_MOVE = YES;
				CLANG_WARN_UNGUARDED_AVAILABILITY = YES_AGGRESSIVE;
				CLANG_WARN_UNREACHABLE_CODE = YES;
				CLANG_WARN__DUPLICATE_METHOD_MATCH = YES;
				CODE_SIGN_IDENTITY = "iPhone Developer";
				COPY_PHASE_STRIP = NO;
				DEBUG_INFORMATION_FORMAT = dwarf;
				ENABLE_STRICT_OBJC_MSGSEND = YES;
				ENABLE_TESTABILITY = YES;
				GCC_C_LANGUAGE_STANDARD = gnu11;
				GCC_DYNAMIC_NO_PIC = NO;
				GCC_NO_COMMON_BLOCKS = YES;
				GCC_OPTIMIZATION_LEVEL = 0;
				GCC_PREPROCESSOR_DEFINITIONS = (
					"DEBUG=1",
					"$(inherited)",
				);
				GCC_WARN_64_TO_32_BIT_CONVERSION = YES;
				GCC_WARN_ABOUT_RETURN_TYPE = YES_ERROR;
				GCC_WARN_UNDECLARED_SELECTOR = YES;
				GCC_WARN_UNINITIALIZED_AUTOS = YES_AGGRESSIVE;
				GCC_WARN_UNUSED_FUNCTION = YES;
				GCC_WARN_UNUSED_VARIABLE = YES;
				IPHONEOS_DEPLOYMENT_TARGET = 11.4;
				MTL_ENABLE_DEBUG_INFO = YES;
				ONLY_ACTIVE_ARCH = YES;
				SDKROOT = iphoneos;
				SWIFT_ACTIVE_COMPILATION_CONDITIONS = DEBUG;
				SWIFT_OPTIMIZATION_LEVEL = "-Onone";
			};
			name = Debug;
		};
		5D5058B12175A4BE0045768F /* Release */ = {
			isa = XCBuildConfiguration;
			buildSettings = {
				ALWAYS_SEARCH_USER_PATHS = NO;
				CLANG_ANALYZER_NONNULL = YES;
				CLANG_ANALYZER_NUMBER_OBJECT_CONVERSION = YES_AGGRESSIVE;
				CLANG_CXX_LANGUAGE_STANDARD = "gnu++14";
				CLANG_CXX_LIBRARY = "libc++";
				CLANG_ENABLE_MODULES = YES;
				CLANG_ENABLE_OBJC_ARC = YES;
				CLANG_ENABLE_OBJC_WEAK = YES;
				CLANG_WARN_BLOCK_CAPTURE_AUTORELEASING = YES;
				CLANG_WARN_BOOL_CONVERSION = YES;
				CLANG_WARN_COMMA = YES;
				CLANG_WARN_CONSTANT_CONVERSION = YES;
				CLANG_WARN_DEPRECATED_OBJC_IMPLEMENTATIONS = YES;
				CLANG_WARN_DIRECT_OBJC_ISA_USAGE = YES_ERROR;
				CLANG_WARN_DOCUMENTATION_COMMENTS = YES;
				CLANG_WARN_EMPTY_BODY = YES;
				CLANG_WARN_ENUM_CONVERSION = YES;
				CLANG_WARN_INFINITE_RECURSION = YES;
				CLANG_WARN_INT_CONVERSION = YES;
				CLANG_WARN_NON_LITERAL_NULL_CONVERSION = YES;
				CLANG_WARN_OBJC_IMPLICIT_RETAIN_SELF = YES;
				CLANG_WARN_OBJC_LITERAL_CONVERSION = YES;
				CLANG_WARN_OBJC_ROOT_CLASS = YES_ERROR;
				CLANG_WARN_RANGE_LOOP_ANALYSIS = YES;
				CLANG_WARN_STRICT_PROTOTYPES = YES;
				CLANG_WARN_SUSPICIOUS_MOVE = YES;
				CLANG_WARN_UNGUARDED_AVAILABILITY = YES_AGGRESSIVE;
				CLANG_WARN_UNREACHABLE_CODE = YES;
				CLANG_WARN__DUPLICATE_METHOD_MATCH = YES;
				CODE_SIGN_IDENTITY = "iPhone Developer";
				COPY_PHASE_STRIP = NO;
				DEBUG_INFORMATION_FORMAT = "dwarf-with-dsym";
				ENABLE_NS_ASSERTIONS = NO;
				ENABLE_STRICT_OBJC_MSGSEND = YES;
				GCC_C_LANGUAGE_STANDARD = gnu11;
				GCC_NO_COMMON_BLOCKS = YES;
				GCC_WARN_64_TO_32_BIT_CONVERSION = YES;
				GCC_WARN_ABOUT_RETURN_TYPE = YES_ERROR;
				GCC_WARN_UNDECLARED_SELECTOR = YES;
				GCC_WARN_UNINITIALIZED_AUTOS = YES_AGGRESSIVE;
				GCC_WARN_UNUSED_FUNCTION = YES;
				GCC_WARN_UNUSED_VARIABLE = YES;
				IPHONEOS_DEPLOYMENT_TARGET = 11.4;
				MTL_ENABLE_DEBUG_INFO = NO;
				SDKROOT = iphoneos;
				SWIFT_COMPILATION_MODE = wholemodule;
				SWIFT_OPTIMIZATION_LEVEL = "-O";
				VALIDATE_PRODUCT = YES;
			};
			name = Release;
		};
		5D5058B32175A4BE0045768F /* Debug */ = {
			isa = XCBuildConfiguration;
			buildSettings = {
				ASSETCATALOG_COMPILER_APPICON_NAME = AppIcon;
				CODE_SIGN_STYLE = Automatic;
				INFOPLIST_FILE = SearchBarWithProtocal/Info.plist;
				LD_RUNPATH_SEARCH_PATHS = (
					"$(inherited)",
					"@executable_path/Frameworks",
				);
				PRODUCT_BUNDLE_IDENTIFIER = appVenturez.com.SearchBarWithProtocal;
				PRODUCT_NAME = "$(TARGET_NAME)";
				SWIFT_VERSION = 4.0;
				TARGETED_DEVICE_FAMILY = "1,2";
			};
			name = Debug;
		};
		5D5058B42175A4BE0045768F /* Release */ = {
			isa = XCBuildConfiguration;
			buildSettings = {
				ASSETCATALOG_COMPILER_APPICON_NAME = AppIcon;
				CODE_SIGN_STYLE = Automatic;
				INFOPLIST_FILE = SearchBarWithProtocal/Info.plist;
				LD_RUNPATH_SEARCH_PATHS = (
					"$(inherited)",
					"@executable_path/Frameworks",
				);
				PRODUCT_BUNDLE_IDENTIFIER = appVenturez.com.SearchBarWithProtocal;
				PRODUCT_NAME = "$(TARGET_NAME)";
				SWIFT_VERSION = 4.0;
				TARGETED_DEVICE_FAMILY = "1,2";
			};
			name = Release;
		};
/* End XCBuildConfiguration section */

/* Begin XCConfigurationList section */
		5D50589B2175A4B80045768F /* Build configuration list for PBXProject "SearchBarWithProtocal" */ = {
			isa = XCConfigurationList;
			buildConfigurations = (
				5D5058B02175A4BE0045768F /* Debug */,
				5D5058B12175A4BE0045768F /* Release */,
			);
			defaultConfigurationIsVisible = 0;
			defaultConfigurationName = Release;
		};
		5D5058B22175A4BE0045768F /* Build configuration list for PBXNativeTarget "SearchBarWithProtocal" */ = {
			isa = XCConfigurationList;
			buildConfigurations = (
				5D5058B32175A4BE0045768F /* Debug */,
				5D5058B42175A4BE0045768F /* Release */,
			);
			defaultConfigurationIsVisible = 0;
			defaultConfigurationName = Release;
		};
/* End XCConfigurationList section */
	};
	rootObject = 5D5058982175A4B80045768F /* Project object */;
}
