// !$*UTF8*$!
{
	archiveVersion = 1;
	classes = {
	};
	objectVersion = 50;
	objects = {

/* Begin PBXBuildFile section */
		5DFEB4702158EF9B00BB04BD /* AppDelegate.swift in Sources */ = {isa = PBXBuildFile; fileRef = 5DFEB46F2158EF9B00BB04BD /* AppDelegate.swift */; };
		5DFEB4722158EF9B00BB04BD /* LoginViewController.swift in Sources */ = {isa = PBXBuildFile; fileRef = 5DFEB4712158EF9B00BB04BD /* LoginViewController.swift */; };
		5DFEB4752158EF9B00BB04BD /* Main.storyboard in Resources */ = {isa = PBXBuildFile; fileRef = 5DFEB4732158EF9B00BB04BD /* Main.storyboard */; };
		5DFEB4772158EF9D00BB04BD /* Assets.xcassets in Resources */ = {isa = PBXBuildFile; fileRef = 5DFEB4762158EF9D00BB04BD /* Assets.xcassets */; };
		5DFEB47A2158EF9D00BB04BD /* LaunchScreen.storyboard in Resources */ = {isa = PBXBuildFile; fileRef = 5DFEB4782158EF9D00BB04BD /* LaunchScreen.storyboard */; };
		5DFEB4862158F48F00BB04BD /* RegistrationViewController.swift in Sources */ = {isa = PBXBuildFile; fileRef = 5DFEB4852158F48F00BB04BD /* RegistrationViewController.swift */; };
		5DFEB48C21590AFF00BB04BD /* DetailsEntryViewController.swift in Sources */ = {isa = PBXBuildFile; fileRef = 5DFEB48B21590AFF00BB04BD /* DetailsEntryViewController.swift */; };
/* End PBXBuildFile section */

/* Begin PBXFileReference section */
		5DFEB46C2158EF9B00BB04BD /* LoginDeatilStore.app */ = {isa = PBXFileReference; explicitFileType = wrapper.application; includeInIndex = 0; path = LoginDeatilStore.app; sourceTree = BUILT_PRODUCTS_DIR; };
		5DFEB46F2158EF9B00BB04BD /* AppDelegate.swift */ = {isa = PBXFileReference; lastKnownFileType = sourcecode.swift; path = AppDelegate.swift; sourceTree = "<group>"; };
		5DFEB4712158EF9B00BB04BD /* LoginViewController.swift */ = {isa = PBXFileReference; lastKnownFileType = sourcecode.swift; path = LoginViewController.swift; sourceTree = "<group>"; };
		5DFEB4742158EF9B00BB04BD /* Base */ = {isa = PBXFileReference; lastKnownFileType = file.storyboard; name = Base; path = Base.lproj/Main.storyboard; sourceTree = "<group>"; };
		5DFEB4762158EF9D00BB04BD /* Assets.xcassets */ = {isa = PBXFileReference; lastKnownFileType = folder.assetcatalog; path = Assets.xcassets; sourceTree = "<group>"; };
		5DFEB4792158EF9D00BB04BD /* Base */ = {isa = PBXFileReference; lastKnownFileType = file.storyboard; name = Base; path = Base.lproj/LaunchScreen.storyboard; sourceTree = "<group>"; };
		5DFEB47B2158EF9D00BB04BD /* Info.plist */ = {isa = PBXFileReference; lastKnownFileType = text.plist.xml; path = Info.plist; sourceTree = "<group>"; };
		5DFEB4852158F48F00BB04BD /* RegistrationViewController.swift */ = {isa = PBXFileReference; lastKnownFileType = sourcecode.swift; path = RegistrationViewController.swift; sourceTree = "<group>"; };
		5DFEB48B21590AFF00BB04BD /* DetailsEntryViewController.swift */ = {isa = PBXFileReference; lastKnownFileType = sourcecode.swift; path = DetailsEntryViewController.swift; sourceTree = "<group>"; };
/* End PBXFileReference section */

/* Begin PBXFrameworksBuildPhase section */
		5DFEB4692158EF9B00BB04BD /* Frameworks */ = {
			isa = PBXFrameworksBuildPhase;
			buildActionMask = 2147483647;
			files = (
			);
			runOnlyForDeploymentPostprocessing = 0;
		};
/* End PBXFrameworksBuildPhase section */

/* Begin PBXGroup section */
		5DFEB4632158EF9B00BB04BD = {
			isa = PBXGroup;
			children = (
				5DFEB46E2158EF9B00BB04BD /* LoginDeatilStore */,
				5DFEB46D2158EF9B00BB04BD /* Products */,
			);
			sourceTree = "<group>";
		};
		5DFEB46D2158EF9B00BB04BD /* Products */ = {
			isa = PBXGroup;
			children = (
				5DFEB46C2158EF9B00BB04BD /* LoginDeatilStore.app */,
			);
			name = Products;
			sourceTree = "<group>";
		};
		5DFEB46E2158EF9B00BB04BD /* LoginDeatilStore */ = {
			isa = PBXGroup;
			children = (
				5DFEB46F2158EF9B00BB04BD /* AppDelegate.swift */,
				5DFEB48B21590AFF00BB04BD /* DetailsEntryViewController.swift */,
				5DFEB4852158F48F00BB04BD /* RegistrationViewController.swift */,
				5DFEB4712158EF9B00BB04BD /* LoginViewController.swift */,
				5DFEB4732158EF9B00BB04BD /* Main.storyboard */,
				5DFEB4762158EF9D00BB04BD /* Assets.xcassets */,
				5DFEB4782158EF9D00BB04BD /* LaunchScreen.storyboard */,
				5DFEB47B2158EF9D00BB04BD /* Info.plist */,
			);
			path = LoginDeatilStore;
			sourceTree = "<group>";
		};
/* End PBXGroup section */

/* Begin PBXNativeTarget section */
		5DFEB46B2158EF9B00BB04BD /* LoginDeatilStore */ = {
			isa = PBXNativeTarget;
			buildConfigurationList = 5DFEB47E2158EF9D00BB04BD /* Build configuration list for PBXNativeTarget "LoginDeatilStore" */;
			buildPhases = (
				5DFEB4682158EF9B00BB04BD /* Sources */,
				5DFEB4692158EF9B00BB04BD /* Frameworks */,
				5DFEB46A2158EF9B00BB04BD /* Resources */,
			);
			buildRules = (
			);
			dependencies = (
			);
			name = LoginDeatilStore;
			productName = LoginDeatilStore;
			productReference = 5DFEB46C2158EF9B00BB04BD /* LoginDeatilStore.app */;
			productType = "com.apple.product-type.application";
		};
/* End PBXNativeTarget section */

/* Begin PBXProject section */
		5DFEB4642158EF9B00BB04BD /* Project object */ = {
			isa = PBXProject;
			attributes = {
				LastSwiftUpdateCheck = 0940;
				LastUpgradeCheck = 0940;
				ORGANIZATIONNAME = appventurez;
				TargetAttributes = {
					5DFEB46B2158EF9B00BB04BD = {
						CreatedOnToolsVersion = 9.4.1;
					};
				};
			};
			buildConfigurationList = 5DFEB4672158EF9B00BB04BD /* Build configuration list for PBXProject "LoginDeatilStore" */;
			compatibilityVersion = "Xcode 9.3";
			developmentRegion = en;
			hasScannedForEncodings = 0;
			knownRegions = (
				en,
				Base,
			);
			mainGroup = 5DFEB4632158EF9B00BB04BD;
			productRefGroup = 5DFEB46D2158EF9B00BB04BD /* Products */;
			projectDirPath = "";
			projectRoot = "";
			targets = (
				5DFEB46B2158EF9B00BB04BD /* LoginDeatilStore */,
			);
		};
/* End PBXProject section */

/* Begin PBXResourcesBuildPhase section */
		5DFEB46A2158EF9B00BB04BD /* Resources */ = {
			isa = PBXResourcesBuildPhase;
			buildActionMask = 2147483647;
			files = (
				5DFEB47A2158EF9D00BB04BD /* LaunchScreen.storyboard in Resources */,
				5DFEB4772158EF9D00BB04BD /* Assets.xcassets in Resources */,
				5DFEB4752158EF9B00BB04BD /* Main.storyboard in Resources */,
			);
			runOnlyForDeploymentPostprocessing = 0;
		};
/* End PBXResourcesBuildPhase section */

/* Begin PBXSourcesBuildPhase section */
		5DFEB4682158EF9B00BB04BD /* Sources */ = {
			isa = PBXSourcesBuildPhase;
			buildActionMask = 2147483647;
			files = (
				5DFEB48C21590AFF00BB04BD /* DetailsEntryViewController.swift in Sources */,
				5DFEB4722158EF9B00BB04BD /* LoginViewController.swift in Sources */,
				5DFEB4862158F48F00BB04BD /* RegistrationViewController.swift in Sources */,
				5DFEB4702158EF9B00BB04BD /* AppDelegate.swift in Sources */,
			);
			runOnlyForDeploymentPostprocessing = 0;
		};
/* End PBXSourcesBuildPhase section */

/* Begin PBXVariantGroup section */
		5DFEB4732158EF9B00BB04BD /* Main.storyboard */ = {
			isa = PBXVariantGroup;
			children = (
				5DFEB4742158EF9B00BB04BD /* Base */,
			);
			name = Main.storyboard;
			sourceTree = "<group>";
		};
		5DFEB4782158EF9D00BB04BD /* LaunchScreen.storyboard */ = {
			isa = PBXVariantGroup;
			children = (
				5DFEB4792158EF9D00BB04BD /* Base */,
			);
			name = LaunchScreen.storyboard;
			sourceTree = "<group>";
		};
/* End PBXVariantGroup section */

/* Begin XCBuildConfiguration section */
		5DFEB47C2158EF9D00BB04BD /* Debug */ = {
			isa = XCBuildConfiguration;
			buildSettings = {
				ALWAYS_SEARCH_USER_PATHS = NO;
				CLANG_ANALYZER_NONNULL = YES;
				CLANG_ANALYZER_NUMBER_OBJECT_CONVERSION = YES_AGGRESSIVE;
				CLANG_CXX_LANGUAGE_STANDARD = "gnu++14";
				CLANG_CXX_LIBRARY = "libc++";
				CLANG_ENABLE_MODULES = YES;
				CLANG_ENABLE_OBJC_ARC = YES;
				CLANG_ENABLE_OBJC_WEAK = YES;
				CLANG_WARN_BLOCK_CAPTURE_AUTORELEASING = YES;
				CLANG_WARN_BOOL_CONVERSION = YES;
				CLANG_WARN_COMMA = YES;
				CLANG_WARN_CONSTANT_CONVERSION = YES;
				CLANG_WARN_DEPRECATED_OBJC_IMPLEMENTATIONS = YES;
				CLANG_WARN_DIRECT_OBJC_ISA_USAGE = YES_ERROR;
				CLANG_WARN_DOCUMENTATION_COMMENTS = YES;
				CLANG_WARN_EMPTY_BODY = YES;
				CLANG_WARN_ENUM_CONVERSION = YES;
				CLANG_WARN_INFINITE_RECURSION = YES;
				CLANG_WARN_INT_CONVERSION = YES;
				CLANG_WARN_NON_LITERAL_NULL_CONVERSION = YES;
				CLANG_WARN_OBJC_IMPLICIT_RETAIN_SELF = YES;
				CLANG_WARN_OBJC_LITERAL_CONVERSION = YES;
				CLANG_WARN_OBJC_ROOT_CLASS = YES_ERROR;
				CLANG_WARN_RANGE_LOOP_ANALYSIS = YES;
				CLANG_WARN_STRICT_PROTOTYPES = YES;
				CLANG_WARN_SUSPICIOUS_MOVE = YES;
				CLANG_WARN_UNGUARDED_AVAILABILITY = YES_AGGRESSIVE;
				CLANG_WARN_UNREACHABLE_CODE = YES;
				CLANG_WARN__DUPLICATE_METHOD_MATCH = YES;
				CODE_SIGN_IDENTITY = "iPhone Developer";
				COPY_PHASE_STRIP = NO;
				DEBUG_INFORMATION_FORMAT = dwarf;
				ENABLE_STRICT_OBJC_MSGSEND = YES;
				ENABLE_TESTABILITY = YES;
				GCC_C_LANGUAGE_STANDARD = gnu11;
				GCC_DYNAMIC_NO_PIC = NO;
				GCC_NO_COMMON_BLOCKS = YES;
				GCC_OPTIMIZATION_LEVEL = 0;
				GCC_PREPROCESSOR_DEFINITIONS = (
					"DEBUG=1",
					"$(inherited)",
				);
				GCC_WARN_64_TO_32_BIT_CONVERSION = YES;
				GCC_WARN_ABOUT_RETURN_TYPE = YES_ERROR;
				GCC_WARN_UNDECLARED_SELECTOR = YES;
				GCC_WARN_UNINITIALIZED_AUTOS = YES_AGGRESSIVE;
				GCC_WARN_UNUSED_FUNCTION = YES;
				GCC_WARN_UNUSED_VARIABLE = YES;
				IPHONEOS_DEPLOYMENT_TARGET = 11.4;
				MTL_ENABLE_DEBUG_INFO = YES;
				ONLY_ACTIVE_ARCH = YES;
				SDKROOT = iphoneos;
				SWIFT_ACTIVE_COMPILATION_CONDITIONS = DEBUG;
				SWIFT_OPTIMIZATION_LEVEL = "-Onone";
			};
			name = Debug;
		};
		5DFEB47D2158EF9D00BB04BD /* Release */ = {
			isa = XCBuildConfiguration;
			buildSettings = {
				ALWAYS_SEARCH_USER_PATHS = NO;
				CLANG_ANALYZER_NONNULL = YES;
				CLANG_ANALYZER_NUMBER_OBJECT_CONVERSION = YES_AGGRESSIVE;
				CLANG_CXX_LANGUAGE_STANDARD = "gnu++14";
				CLANG_CXX_LIBRARY = "libc++";
				CLANG_ENABLE_MODULES = YES;
				CLANG_ENABLE_OBJC_ARC = YES;
				CLANG_ENABLE_OBJC_WEAK = YES;
				CLANG_WARN_BLOCK_CAPTURE_AUTORELEASING = YES;
				CLANG_WARN_BOOL_CONVERSION = YES;
				CLANG_WARN_COMMA = YES;
				CLANG_WARN_CONSTANT_CONVERSION = YES;
				CLANG_WARN_DEPRECATED_OBJC_IMPLEMENTATIONS = YES;
				CLANG_WARN_DIRECT_OBJC_ISA_USAGE = YES_ERROR;
				CLANG_WARN_DOCUMENTATION_COMMENTS = YES;
				CLANG_WARN_EMPTY_BODY = YES;
				CLANG_WARN_ENUM_CONVERSION = YES;
				CLANG_WARN_INFINITE_RECURSION = YES;
				CLANG_WARN_INT_CONVERSION = YES;
				CLANG_WARN_NON_LITERAL_NULL_CONVERSION = YES;
				CLANG_WARN_OBJC_IMPLICIT_RETAIN_SELF = YES;
				CLANG_WARN_OBJC_LITERAL_CONVERSION = YES;
				CLANG_WARN_OBJC_ROOT_CLASS = YES_ERROR;
				CLANG_WARN_RANGE_LOOP_ANALYSIS = YES;
				CLANG_WARN_STRICT_PROTOTYPES = YES;
				CLANG_WARN_SUSPICIOUS_MOVE = YES;
				CLANG_WARN_UNGUARDED_AVAILABILITY = YES_AGGRESSIVE;
				CLANG_WARN_UNREACHABLE_CODE = YES;
				CLANG_WARN__DUPLICATE_METHOD_MATCH = YES;
				CODE_SIGN_IDENTITY = "iPhone Developer";
				COPY_PHASE_STRIP = NO;
				DEBUG_INFORMATION_FORMAT = "dwarf-with-dsym";
				ENABLE_NS_ASSERTIONS = NO;
				ENABLE_STRICT_OBJC_MSGSEND = YES;
				GCC_C_LANGUAGE_STANDARD = gnu11;
				GCC_NO_COMMON_BLOCKS = YES;
				GCC_WARN_64_TO_32_BIT_CONVERSION = YES;
				GCC_WARN_ABOUT_RETURN_TYPE = YES_ERROR;
				GCC_WARN_UNDECLARED_SELECTOR = YES;
				GCC_WARN_UNINITIALIZED_AUTOS = YES_AGGRESSIVE;
				GCC_WARN_UNUSED_FUNCTION = YES;
				GCC_WARN_UNUSED_VARIABLE = YES;
				IPHONEOS_DEPLOYMENT_TARGET = 11.4;
				MTL_ENABLE_DEBUG_INFO = NO;
				SDKROOT = iphoneos;
				SWIFT_COMPILATION_MODE = wholemodule;
				SWIFT_OPTIMIZATION_LEVEL = "-O";
				VALIDATE_PRODUCT = YES;
			};
			name = Release;
		};
		5DFEB47F2158EF9D00BB04BD /* Debug */ = {
			isa = XCBuildConfiguration;
			buildSettings = {
				ASSETCATALOG_COMPILER_APPICON_NAME = AppIcon;
				CODE_SIGN_STYLE = Automatic;
				INFOPLIST_FILE = LoginDeatilStore/Info.plist;
				LD_RUNPATH_SEARCH_PATHS = (
					"$(inherited)",
					"@executable_path/Frameworks",
				);
				PRODUCT_BUNDLE_IDENTIFIER = appVenturez.com.LoginDeatilStore;
				PRODUCT_NAME = "$(TARGET_NAME)";
				SWIFT_VERSION = 4.0;
				TARGETED_DEVICE_FAMILY = "1,2";
			};
			name = Debug;
		};
		5DFEB4802158EF9D00BB04BD /* Release */ = {
			isa = XCBuildConfiguration;
			buildSettings = {
				ASSETCATALOG_COMPILER_APPICON_NAME = AppIcon;
				CODE_SIGN_STYLE = Automatic;
				INFOPLIST_FILE = LoginDeatilStore/Info.plist;
				LD_RUNPATH_SEARCH_PATHS = (
					"$(inherited)",
					"@executable_path/Frameworks",
				);
				PRODUCT_BUNDLE_IDENTIFIER = appVenturez.com.LoginDeatilStore;
				PRODUCT_NAME = "$(TARGET_NAME)";
				SWIFT_VERSION = 4.0;
				TARGETED_DEVICE_FAMILY = "1,2";
			};
			name = Release;
		};
/* End XCBuildConfiguration section */

/* Begin XCConfigurationList section */
		5DFEB4672158EF9B00BB04BD /* Build configuration list for PBXProject "LoginDeatilStore" */ = {
			isa = XCConfigurationList;
			buildConfigurations = (
				5DFEB47C2158EF9D00BB04BD /* Debug */,
				5DFEB47D2158EF9D00BB04BD /* Release */,
			);
			defaultConfigurationIsVisible = 0;
			defaultConfigurationName = Release;
		};
		5DFEB47E2158EF9D00BB04BD /* Build configuration list for PBXNativeTarget "LoginDeatilStore" */ = {
			isa = XCConfigurationList;
			buildConfigurations = (
				5DFEB47F2158EF9D00BB04BD /* Debug */,
				5DFEB4802158EF9D00BB04BD /* Release */,
			);
			defaultConfigurationIsVisible = 0;
			defaultConfigurationName = Release;
		};
/* End XCConfigurationList section */
	};
	rootObject = 5DFEB4642158EF9B00BB04BD /* Project object */;
}
