PODS:
  - TPKeyboardAvoiding (1.3.2)

DEPENDENCIES:
  - TPKeyboardAvoiding (~> 1.3.1)

SPEC REPOS:
  https://github.com/cocoapods/specs.git:
    - TPKeyboardAvoiding

SPEC CHECKSUMS:
  TPKeyboardAvoiding: cb69d5ddbe90ce0170e4bc2db1e5e41d4a3ad9a4

PODFILE CHECKSUM: 567c472aaeb760bd47adcf44fa51eb8c4f6fb09d

COCOAPODS: 1.5.3
